// !$*UTF8*$!
{
	archiveVersion = "";
	classes = "";
	objectVersion = 46;
	objects = {

/* Begin PBXBuildFile section */
		023B2E55EA6F6515CC09CA01 /* ViewController.swift in Sources */ = {isa = PBXBuildFile; fileRef = 96A6CC05E8285AA21146DEAE /* ViewController.swift */; };
		0484D9573D34F36F564EC425 /* UIKit.framework in Frameworks */ = {isa = PBXBuildFile; fileRef = E43DB659E379F5729409D912 /* UIKit.framework */; };
		07F8945CE69C6688BB72ED64 /* ViewController+Containment.swift in Sources */ = {isa = PBXBuildFile; fileRef = B6D941EC2B28B3DF24BE2DA7 /* ViewController+Containment.swift */; };
		0A97DB1E29A6E85F5374431B /* String+Height.swift in Sources */ = {isa = PBXBuildFile; fileRef = 79709A26C0AFFD460177F61D /* String+Height.swift */; };
		1163C5E52A677CB22E5CD9A0 /* Routable.swift in Sources */ = {isa = PBXBuildFile; fileRef = 7CB14A6143AF8C68717C6547 /* Routable.swift */; };
		14274D8328FE809BBA2B57AB /* ChildViewController.swift in Sources */ = {isa = PBXBuildFile; fileRef = 4AC1FF2B72CD8C1E1153EABF /* ChildViewController.swift */; };
		1852F2EA800B4FD27CCE41F7 /* UIView+snapshot.swift in Sources */ = {isa = PBXBuildFile; fileRef = 6309C0A04948CF4F6558610E /* UIView+snapshot.swift */; };
		1A1F679F4B8385CBBD770ED8 /* UIKit.framework in Frameworks */ = {isa = PBXBuildFile; fileRef = E43DB659E379F5729409D912 /* UIKit.framework */; };
		1CD83C17A5732AD886C73736 /* CollectionView.swift in Sources */ = {isa = PBXBuildFile; fileRef = 69648C2C887CB08D6C8E5DEB /* CollectionView.swift */; };
		1E21668168EDE22906AE27F3 /* ListView.swift in Sources */ = {isa = PBXBuildFile; fileRef = DF06D904D61E8F79D2CE701B /* ListView.swift */; };
		1E370FD2B00374DFF537EBE4 /* DemoTests.swift in Sources */ = {isa = PBXBuildFile; fileRef = E56131672949A5E6A5F26568 /* DemoTests.swift */; };
		24EC50B5A1C823CC9FA9B434 /* UIControl+TargetActionable.swift in Sources */ = {isa = PBXBuildFile; fileRef = 9D323EDE6866A4493CEC89C5 /* UIControl+TargetActionable.swift */; };
		2536845090987BAFE69E3CCB /* Navigator.swift in Sources */ = {isa = PBXBuildFile; fileRef = 15845DCA84EFF9B9C4C515FA /* Navigator.swift */; };
		32C3A07F35512724AF62218E /* ViewControllerModellableView.swift in Sources */ = {isa = PBXBuildFile; fileRef = 999315553E964397ED05AEE1 /* ViewControllerModellableView.swift */; };
		3382C1B92FFB58BEAEBF3052 /* Foundation.framework in Frameworks */ = {isa = PBXBuildFile; fileRef = 8ED439DDC27CB9D63A613D71 /* Foundation.framework */; };
		3486EFF679DC63B0EB845AC2 /* DependenciesContainer.swift in Sources */ = {isa = PBXBuildFile; fileRef = 76C842886C413FFAA631C9C9 /* DependenciesContainer.swift */; };
		37580751D4678B066DB74198 /* AddItemView.swift in Sources */ = {isa = PBXBuildFile; fileRef = F32F4AD75AB05624472F8090 /* AddItemView.swift */; };
		39BECB701C79C9275E7030FA /* Foundation.framework in Frameworks */ = {isa = PBXBuildFile; fileRef = 8ED439DDC27CB9D63A613D71 /* Foundation.framework */; };
		3A953447470C5D99A21FCDDB /* View.swift in Sources */ = {isa = PBXBuildFile; fileRef = 28EBC6770288BB8366FCE19B /* View.swift */; };
		3D7350791FDE088C51F51EDE /* AddItemViewController.swift in Sources */ = {isa = PBXBuildFile; fileRef = 2C0634F12379FE56504A25FC /* AddItemViewController.swift */; };
		3D756AAB4D795A62E5E9F5C8 /* String+Random.swift in Sources */ = {isa = PBXBuildFile; fileRef = CAF5914A1E24E29DC7ADB762 /* String+Random.swift */; };
		3EEDFD19910FDA5D7DCED462 /* DataSource.swift in Sources */ = {isa = PBXBuildFile; fileRef = 861F78CDB0E0FA02A5BA7691 /* DataSource.swift */; };
		40A3D995F83CFBFA732D10A2 /* UIKit.framework in Frameworks */ = {isa = PBXBuildFile; fileRef = E43DB659E379F5729409D912 /* UIKit.framework */; };
		4341E878EE83314B6A801717 /* NavigationUtilities.swift in Sources */ = {isa = PBXBuildFile; fileRef = B6E90E24791D765ABC6A9304 /* NavigationUtilities.swift */; };
		54C5CF2D9601D836BE70F179 /* Source.swift in Sources */ = {isa = PBXBuildFile; fileRef = 1D0844AC741A14600301ED47 /* Source.swift */; };
		58A6370A15C64FE1066CFF58 /* ItemActions.swift in Sources */ = {isa = PBXBuildFile; fileRef = 53042F59CE32ECC119FAF909 /* ItemActions.swift */; };
		5ACFDE17E50C0D454DFAEEB8 /* Foundation.framework in Frameworks */ = {isa = PBXBuildFile; fileRef = 8ED439DDC27CB9D63A613D71 /* Foundation.framework */; };
		611893E6A50CE035458C1195 /* TodoFlowLayout.swift in Sources */ = {isa = PBXBuildFile; fileRef = 3AB5750F1A4A880B47437C44 /* TodoFlowLayout.swift */; };
		674514354BCD474FB056CD0F /* NavigationDSL.swift in Sources */ = {isa = PBXBuildFile; fileRef = F362CDEAFC138C7A5166E6DC /* NavigationDSL.swift */; };
		6A93E67F344699072FC1AE55 /* TextView.swift in Sources */ = {isa = PBXBuildFile; fileRef = 28B737B5B70FDD17638314C5 /* TextView.swift */; };
		6EAD41FF1175686A52B7596F /* Tempura.h in Headers */ = {isa = PBXBuildFile; fileRef = 3DF156EAE0D0E2C168DCFCFF /* Tempura.h */; settings = {ATTRIBUTES = (Public, ); }; };
		72B721F2777B1888E4A0C3C2 /* AppDelegate.swift in Sources */ = {isa = PBXBuildFile; fileRef = 4EA5181D0826F46CB268D150 /* AppDelegate.swift */; };
		7B8D1B373BECFB4DF432719F /* MainThread.swift in Sources */ = {isa = PBXBuildFile; fileRef = C9B4646D714F6E6378254870 /* MainThread.swift */; };
		7E56F8F16969F420D787F5EF /* ViewControllerSpec.swift in Sources */ = {isa = PBXBuildFile; fileRef = 7EB295B059A7B287CD0A8306 /* ViewControllerSpec.swift */; };
		7F1B9EAE20E1E1086A01FDC6 /* Demo.app in Frameworks */ = {isa = PBXBuildFile; fileRef = BBAF44EF5056FE4C19A1C005 /* Demo.app */; };
		7FBC815764A802E35B005833 /* Foundation.framework in Frameworks */ = {isa = PBXBuildFile; fileRef = 8ED439DDC27CB9D63A613D71 /* Foundation.framework */; };
		82ABE1C79910F9AF15916514 /* Tempura.framework in Frameworks */ = {isa = PBXBuildFile; fileRef = 6B4F156025BA73A727CD7649 /* Tempura.framework */; };
		8C5F207EF9411D751B819A41 /* ListViewController.swift in Sources */ = {isa = PBXBuildFile; fileRef = A23BFF9E0A464F527CABB2D1 /* ListViewController.swift */; };
		8CC02B8B1AC87705C6E98CC1 /* Tempura.framework in Frameworks */ = {isa = PBXBuildFile; fileRef = 6B4F156025BA73A727CD7649 /* Tempura.framework */; };
		8EBEDA303350F64E9A9C2C38 /* NavigationActions.swift in Sources */ = {isa = PBXBuildFile; fileRef = 1524C0C061413DE048728473 /* NavigationActions.swift */; };
		91F9C94224E0A41B70898416 /* ViewModelWithState.swift in Sources */ = {isa = PBXBuildFile; fileRef = 99C88D91408BA73F0A9D9A65 /* ViewModelWithState.swift */; };
		91FB1141814BBCC3E041C440 /* Pods_Tempura_Demo.framework in Frameworks */ = {isa = PBXBuildFile; fileRef = 311628FCA12D17378A9787AD /* Pods_Tempura_Demo.framework */; };
		920B75CE180884361EFDF2D2 /* UIView+Blink.swift in Sources */ = {isa = PBXBuildFile; fileRef = FFB837FED084E40C920D7756 /* UIView+Blink.swift */; };
		942FDEF9F962A28778AA8537 /* ConfigurableCell.swift in Sources */ = {isa = PBXBuildFile; fileRef = 35DA26AB3FECC432CA17A38F /* ConfigurableCell.swift */; };
		9798EB7221816184440FB32F /* LocalState.swift in Sources */ = {isa = PBXBuildFile; fileRef = D01B36BBEECC4649A0F53E0C /* LocalState.swift */; };
		9C7F4113B320E72C925BED61 /* NavigationProvider.swift in Sources */ = {isa = PBXBuildFile; fileRef = F7D38EC223120B703126148B /* NavigationProvider.swift */; };
		9CB31AF8A7CFF3F7114E2949 /* Foundation.framework in Frameworks */ = {isa = PBXBuildFile; fileRef = 8ED439DDC27CB9D63A613D71 /* Foundation.framework */; };
		9F9467DC10A1BAFA49E1BAF7 /* ViewControllerWithLocalStateSpec.swift in Sources */ = {isa = PBXBuildFile; fileRef = C9936772F838D8C2CCF89E18 /* ViewControllerWithLocalStateSpec.swift */; };
		9FB943D10DA9F72577450A89 /* Tempura.h in Headers */ = {isa = PBXBuildFile; fileRef = 3DF156EAE0D0E2C168DCFCFF /* Tempura.h */; settings = {ATTRIBUTES = (Public, ); }; };
		A143C4050EFC7B35BB935DE7 /* Pods_DemoTests.framework in Frameworks */ = {isa = PBXBuildFile; fileRef = A2CC6990EC4D4F3EC61E860E /* Pods_DemoTests.framework */; };
		B068CE3700771C35ABC3ADEB /* UIKit.framework in Frameworks */ = {isa = PBXBuildFile; fileRef = E43DB659E379F5729409D912 /* UIKit.framework */; };
		B11CFAAC64DCECCF8B1D6F72 /* Pods_TempuraTests.framework in Frameworks */ = {isa = PBXBuildFile; fileRef = 49BDDE26DB99898D8B804D5F /* Pods_TempuraTests.framework */; };
		B3092829130D9DA2BF533282 /* Pods_Tempura.framework in Frameworks */ = {isa = PBXBuildFile; fileRef = FA645470A27E0EDB8F7113BF /* Pods_Tempura.framework */; };
		BA084013FEEE77DF808AE57B /* ViewTestCase.swift in Sources */ = {isa = PBXBuildFile; fileRef = 8EC5DD5A23B7AD5BF59379F2 /* ViewTestCase.swift */; };
		BFC55B9021B3EBC1BA1C8E2E /* Media.xcassets in Resources */ = {isa = PBXBuildFile; fileRef = 8690B22B8A30F11D754CF49D /* Media.xcassets */; };
		C0AF48F8A0304E779039A1C9 /* ViewModelWithLocalState.swift in Sources */ = {isa = PBXBuildFile; fileRef = 62E20284D2FED93ADDD2F4B3 /* ViewModelWithLocalState.swift */; };
		C3B38CB3CECD8E4AA896D66D /* CGRect+Utils.swift in Sources */ = {isa = PBXBuildFile; fileRef = DC8A65A70B7F93DE5A407011 /* CGRect+Utils.swift */; };
		C4BE4BF296AA49B2EA1CD7B5 /* ViewModel.swift in Sources */ = {isa = PBXBuildFile; fileRef = EE48490B7C7C57EFF623BEC1 /* ViewModel.swift */; };
		CC62EE7384E4A52B69C7C078 /* ViewControllerWithLocalState.swift in Sources */ = {isa = PBXBuildFile; fileRef = AA4A820D40CE870E01E7D32A /* ViewControllerWithLocalState.swift */; };
		D2DE2B562687B35C904C0028 /* ArchiveFlowLayout.swift in Sources */ = {isa = PBXBuildFile; fileRef = 0F0B8F2C9EE5DF1A55AFA0AB /* ArchiveFlowLayout.swift */; };
		D98BBD26A96F6564715F4FE6 /* Pods_TempuraTesting.framework in Frameworks */ = {isa = PBXBuildFile; fileRef = 4221AD921D106737B87B0D37 /* Pods_TempuraTesting.framework */; };
		E1A7747F0F7EA42D16E5FE4B /* AppState.swift in Sources */ = {isa = PBXBuildFile; fileRef = 53465F9B2EF3A6A3844F3A58 /* AppState.swift */; };
		E2D53B45A5CDFAA6856CCBD2 /* RootInstaller.swift in Sources */ = {isa = PBXBuildFile; fileRef = 6CC4D976F22221713F918D45 /* RootInstaller.swift */; };
		E85812746E8F505ACF6E0A79 /* AppNavigation.swift in Sources */ = {isa = PBXBuildFile; fileRef = 6098E71BE49993C3DE533BDE /* AppNavigation.swift */; };
		EA7CDA869947054BC9341697 /* UITests.swift in Sources */ = {isa = PBXBuildFile; fileRef = B853F191D2F8F178756D5872 /* UITests.swift */; };
		F253D779F28B4A9A3B905CF3 /* ModellableView.swift in Sources */ = {isa = PBXBuildFile; fileRef = E96B410A6BEEC65A12B57DE3 /* ModellableView.swift */; };
		F30A835FE4E0691E789AC66C /* Models.swift in Sources */ = {isa = PBXBuildFile; fileRef = F862DED732ECA78FC2D30164 /* Models.swift */; };
		F38B0513BF60D65E976FFE1C /* LocalFileURLProtocol.swift in Sources */ = {isa = PBXBuildFile; fileRef = F28FA02304732AA37F696C3D /* LocalFileURLProtocol.swift */; };
		F456C6A8343FD6DAD16F29E6 /* UIKit.framework in Frameworks */ = {isa = PBXBuildFile; fileRef = E43DB659E379F5729409D912 /* UIKit.framework */; };
		FB3EDB89F6BC0CA2B4287944 /* TodoCell.swift in Sources */ = {isa = PBXBuildFile; fileRef = A7F9CD3F9A685E6FCBFB3C07 /* TodoCell.swift */; };
		FBC676737718804E7F8580BD /* ViewControlerContainmentSpec.swift in Sources */ = {isa = PBXBuildFile; fileRef = 06F3D2BF8CE9A5F332179141 /* ViewControlerContainmentSpec.swift */; };
		FE9490F117ECFA1719696264 /* UINavigationController+Completion.swift in Sources */ = {isa = PBXBuildFile; fileRef = E9FF854EF08A21816E65A8C3 /* UINavigationController+Completion.swift */; };
		FF7CA16B97C2BECE5ECB6506 /* ViewControllerTestCase.swift in Sources */ = {isa = PBXBuildFile; fileRef = 912923F64FAD71F5EFC86F70 /* ViewControllerTestCase.swift */; };
/* End PBXBuildFile section */

/* Begin PBXContainerItemProxy section */
		8E27D9B525DC526CB4E7A278 /* PBXContainerItemProxy */ = {
			isa = PBXContainerItemProxy;
			containerPortal = 101B4AB3F10B9E0B33650F69 /* Project object */;
			proxyType = 1;
			remoteGlobalIDString = A1389E2C90FB274567EB00F7;
			remoteInfo = Tempura;
		};
		C92FC67FD9AEF081F464FF4A /* PBXContainerItemProxy */ = {
			isa = PBXContainerItemProxy;
			containerPortal = 101B4AB3F10B9E0B33650F69 /* Project object */;
			proxyType = 1;
			remoteGlobalIDString = CB464AD513E869DB4BE0BB84;
			remoteInfo = Demo;
		};
		ED8AD01F9BFCAFA7002460A2 /* PBXContainerItemProxy */ = {
			isa = PBXContainerItemProxy;
			containerPortal = 101B4AB3F10B9E0B33650F69 /* Project object */;
			proxyType = 1;
			remoteGlobalIDString = A1389E2C90FB274567EB00F7;
			remoteInfo = Tempura;
		};
/* End PBXContainerItemProxy section */

/* Begin PBXFileReference section */
		019A9101238E41C7E02B2199 /* TempuraTests.xctest */ = {isa = PBXFileReference; explicitFileType = wrapper.cfbundle; includeInIndex = 0; path = TempuraTests.xctest; sourceTree = BUILT_PRODUCTS_DIR; };
		02648BE03503594F16E1BACF /* Pods-Tempura.release.xcconfig */ = {isa = PBXFileReference; includeInIndex = 1; lastKnownFileType = text.xcconfig; name = "Pods-Tempura.release.xcconfig"; path = "Pods/Target Support Files/Pods-Tempura/Pods-Tempura.release.xcconfig"; sourceTree = "<group>"; };
		06F3D2BF8CE9A5F332179141 /* ViewControlerContainmentSpec.swift */ = {isa = PBXFileReference; includeInIndex = 1; lastKnownFileType = sourcecode.swift; path = ViewControlerContainmentSpec.swift; sourceTree = "<group>"; };
		0F0B8F2C9EE5DF1A55AFA0AB /* ArchiveFlowLayout.swift */ = {isa = PBXFileReference; includeInIndex = 1; lastKnownFileType = sourcecode.swift; path = ArchiveFlowLayout.swift; sourceTree = "<group>"; };
		148A21A85DE121A9FD5AC103 /* DemoTests.xctest */ = {isa = PBXFileReference; explicitFileType = wrapper.cfbundle; includeInIndex = 0; path = DemoTests.xctest; sourceTree = BUILT_PRODUCTS_DIR; };
		1524C0C061413DE048728473 /* NavigationActions.swift */ = {isa = PBXFileReference; includeInIndex = 1; lastKnownFileType = sourcecode.swift; path = NavigationActions.swift; sourceTree = "<group>"; };
		15845DCA84EFF9B9C4C515FA /* Navigator.swift */ = {isa = PBXFileReference; includeInIndex = 1; lastKnownFileType = sourcecode.swift; path = Navigator.swift; sourceTree = "<group>"; };
		16C40E6D80AA7E566F489B8F /* Pods-DemoTests.debug.xcconfig */ = {isa = PBXFileReference; includeInIndex = 1; lastKnownFileType = text.xcconfig; name = "Pods-DemoTests.debug.xcconfig"; path = "Pods/Target Support Files/Pods-DemoTests/Pods-DemoTests.debug.xcconfig"; sourceTree = "<group>"; };
		189627DB71A20362FA1BF928 /* Pods-TempuraTests.debug.xcconfig */ = {isa = PBXFileReference; includeInIndex = 1; lastKnownFileType = text.xcconfig; name = "Pods-TempuraTests.debug.xcconfig"; path = "Pods/Target Support Files/Pods-TempuraTests/Pods-TempuraTests.debug.xcconfig"; sourceTree = "<group>"; };
		1D0844AC741A14600301ED47 /* Source.swift */ = {isa = PBXFileReference; includeInIndex = 1; lastKnownFileType = sourcecode.swift; path = Source.swift; sourceTree = "<group>"; };
		28B737B5B70FDD17638314C5 /* TextView.swift */ = {isa = PBXFileReference; includeInIndex = 1; lastKnownFileType = sourcecode.swift; path = TextView.swift; sourceTree = "<group>"; };
		28EBC6770288BB8366FCE19B /* View.swift */ = {isa = PBXFileReference; includeInIndex = 1; lastKnownFileType = sourcecode.swift; path = View.swift; sourceTree = "<group>"; };
		2C0634F12379FE56504A25FC /* AddItemViewController.swift */ = {isa = PBXFileReference; includeInIndex = 1; lastKnownFileType = sourcecode.swift; path = AddItemViewController.swift; sourceTree = "<group>"; };
		311628FCA12D17378A9787AD /* Pods_Tempura_Demo.framework */ = {isa = PBXFileReference; explicitFileType = wrapper.framework; includeInIndex = 0; path = Pods_Tempura_Demo.framework; sourceTree = BUILT_PRODUCTS_DIR; };
		35DA26AB3FECC432CA17A38F /* ConfigurableCell.swift */ = {isa = PBXFileReference; includeInIndex = 1; lastKnownFileType = sourcecode.swift; path = ConfigurableCell.swift; sourceTree = "<group>"; };
		394C8A329E3FAA10F9F84289 /* Pods-TempuraTesting.debug.xcconfig */ = {isa = PBXFileReference; includeInIndex = 1; lastKnownFileType = text.xcconfig; name = "Pods-TempuraTesting.debug.xcconfig"; path = "Pods/Target Support Files/Pods-TempuraTesting/Pods-TempuraTesting.debug.xcconfig"; sourceTree = "<group>"; };
		3AB5750F1A4A880B47437C44 /* TodoFlowLayout.swift */ = {isa = PBXFileReference; includeInIndex = 1; lastKnownFileType = sourcecode.swift; path = TodoFlowLayout.swift; sourceTree = "<group>"; };
		3DF156EAE0D0E2C168DCFCFF /* Tempura.h */ = {isa = PBXFileReference; includeInIndex = 1; lastKnownFileType = sourcecode.c.h; path = Tempura.h; sourceTree = "<group>"; };
		4221AD921D106737B87B0D37 /* Pods_TempuraTesting.framework */ = {isa = PBXFileReference; explicitFileType = wrapper.framework; includeInIndex = 0; path = Pods_TempuraTesting.framework; sourceTree = BUILT_PRODUCTS_DIR; };
		49BDDE26DB99898D8B804D5F /* Pods_TempuraTests.framework */ = {isa = PBXFileReference; explicitFileType = wrapper.framework; includeInIndex = 0; path = Pods_TempuraTests.framework; sourceTree = BUILT_PRODUCTS_DIR; };
		4AC1FF2B72CD8C1E1153EABF /* ChildViewController.swift */ = {isa = PBXFileReference; includeInIndex = 1; lastKnownFileType = sourcecode.swift; path = ChildViewController.swift; sourceTree = "<group>"; };
		4EA5181D0826F46CB268D150 /* AppDelegate.swift */ = {isa = PBXFileReference; includeInIndex = 1; lastKnownFileType = sourcecode.swift; path = AppDelegate.swift; sourceTree = "<group>"; };
		5110CAB236448B4251605A4B /* Pods-Tempura.debug.xcconfig */ = {isa = PBXFileReference; includeInIndex = 1; lastKnownFileType = text.xcconfig; name = "Pods-Tempura.debug.xcconfig"; path = "Pods/Target Support Files/Pods-Tempura/Pods-Tempura.debug.xcconfig"; sourceTree = "<group>"; };
		53042F59CE32ECC119FAF909 /* ItemActions.swift */ = {isa = PBXFileReference; includeInIndex = 1; lastKnownFileType = sourcecode.swift; path = ItemActions.swift; sourceTree = "<group>"; };
		53465F9B2EF3A6A3844F3A58 /* AppState.swift */ = {isa = PBXFileReference; includeInIndex = 1; lastKnownFileType = sourcecode.swift; path = AppState.swift; sourceTree = "<group>"; };
		6098E71BE49993C3DE533BDE /* AppNavigation.swift */ = {isa = PBXFileReference; includeInIndex = 1; lastKnownFileType = sourcecode.swift; path = AppNavigation.swift; sourceTree = "<group>"; };
		62E20284D2FED93ADDD2F4B3 /* ViewModelWithLocalState.swift */ = {isa = PBXFileReference; includeInIndex = 1; lastKnownFileType = sourcecode.swift; path = ViewModelWithLocalState.swift; sourceTree = "<group>"; };
		6309C0A04948CF4F6558610E /* UIView+snapshot.swift */ = {isa = PBXFileReference; includeInIndex = 1; lastKnownFileType = sourcecode.swift; path = "UIView+snapshot.swift"; sourceTree = "<group>"; };
		69648C2C887CB08D6C8E5DEB /* CollectionView.swift */ = {isa = PBXFileReference; includeInIndex = 1; lastKnownFileType = sourcecode.swift; path = CollectionView.swift; sourceTree = "<group>"; };
		6B4F156025BA73A727CD7649 /* Tempura.framework */ = {isa = PBXFileReference; explicitFileType = wrapper.framework; includeInIndex = 0; path = Tempura.framework; sourceTree = BUILT_PRODUCTS_DIR; };
		6CC4D976F22221713F918D45 /* RootInstaller.swift */ = {isa = PBXFileReference; includeInIndex = 1; lastKnownFileType = sourcecode.swift; path = RootInstaller.swift; sourceTree = "<group>"; };
		6CF97798DD5CC9299245340B /* Pods-TempuraTests.release.xcconfig */ = {isa = PBXFileReference; includeInIndex = 1; lastKnownFileType = text.xcconfig; name = "Pods-TempuraTests.release.xcconfig"; path = "Pods/Target Support Files/Pods-TempuraTests/Pods-TempuraTests.release.xcconfig"; sourceTree = "<group>"; };
		75BE789CC542C89BCA59BC4E /* Pods-Tempura-Demo.debug.xcconfig */ = {isa = PBXFileReference; includeInIndex = 1; lastKnownFileType = text.xcconfig; name = "Pods-Tempura-Demo.debug.xcconfig"; path = "Pods/Target Support Files/Pods-Tempura-Demo/Pods-Tempura-Demo.debug.xcconfig"; sourceTree = "<group>"; };
		76C842886C413FFAA631C9C9 /* DependenciesContainer.swift */ = {isa = PBXFileReference; includeInIndex = 1; lastKnownFileType = sourcecode.swift; path = DependenciesContainer.swift; sourceTree = "<group>"; };
		79709A26C0AFFD460177F61D /* String+Height.swift */ = {isa = PBXFileReference; includeInIndex = 1; lastKnownFileType = sourcecode.swift; path = "String+Height.swift"; sourceTree = "<group>"; };
		7C7DC56CCC5BE14482AEE335 /* Pods-Tempura-Demo.release.xcconfig */ = {isa = PBXFileReference; includeInIndex = 1; lastKnownFileType = text.xcconfig; name = "Pods-Tempura-Demo.release.xcconfig"; path = "Pods/Target Support Files/Pods-Tempura-Demo/Pods-Tempura-Demo.release.xcconfig"; sourceTree = "<group>"; };
		7CB14A6143AF8C68717C6547 /* Routable.swift */ = {isa = PBXFileReference; includeInIndex = 1; lastKnownFileType = sourcecode.swift; path = Routable.swift; sourceTree = "<group>"; };
		7EB295B059A7B287CD0A8306 /* ViewControllerSpec.swift */ = {isa = PBXFileReference; includeInIndex = 1; lastKnownFileType = sourcecode.swift; path = ViewControllerSpec.swift; sourceTree = "<group>"; };
		861F78CDB0E0FA02A5BA7691 /* DataSource.swift */ = {isa = PBXFileReference; includeInIndex = 1; lastKnownFileType = sourcecode.swift; path = DataSource.swift; sourceTree = "<group>"; };
		8690B22B8A30F11D754CF49D /* Media.xcassets */ = {isa = PBXFileReference; includeInIndex = 1; lastKnownFileType = folder.assetcatalog; path = Media.xcassets; sourceTree = "<group>"; };
		8EC5DD5A23B7AD5BF59379F2 /* ViewTestCase.swift */ = {isa = PBXFileReference; includeInIndex = 1; lastKnownFileType = sourcecode.swift; path = ViewTestCase.swift; sourceTree = "<group>"; };
		8ED439DDC27CB9D63A613D71 /* Foundation.framework */ = {isa = PBXFileReference; lastKnownFileType = wrapper.framework; name = Foundation.framework; path = Platforms/iPhoneOS.platform/Developer/SDKs/iPhoneOS11.3.sdk/System/Library/Frameworks/Foundation.framework; sourceTree = DEVELOPER_DIR; };
		912923F64FAD71F5EFC86F70 /* ViewControllerTestCase.swift */ = {isa = PBXFileReference; includeInIndex = 1; lastKnownFileType = sourcecode.swift; path = ViewControllerTestCase.swift; sourceTree = "<group>"; };
		96A6CC05E8285AA21146DEAE /* ViewController.swift */ = {isa = PBXFileReference; includeInIndex = 1; lastKnownFileType = sourcecode.swift; path = ViewController.swift; sourceTree = "<group>"; };
		983B8A3CFB70568DA097AEF2 /* Pods-DemoTests.release.xcconfig */ = {isa = PBXFileReference; includeInIndex = 1; lastKnownFileType = text.xcconfig; name = "Pods-DemoTests.release.xcconfig"; path = "Pods/Target Support Files/Pods-DemoTests/Pods-DemoTests.release.xcconfig"; sourceTree = "<group>"; };
		999315553E964397ED05AEE1 /* ViewControllerModellableView.swift */ = {isa = PBXFileReference; includeInIndex = 1; lastKnownFileType = sourcecode.swift; path = ViewControllerModellableView.swift; sourceTree = "<group>"; };
		99C88D91408BA73F0A9D9A65 /* ViewModelWithState.swift */ = {isa = PBXFileReference; includeInIndex = 1; lastKnownFileType = sourcecode.swift; path = ViewModelWithState.swift; sourceTree = "<group>"; };
		9D323EDE6866A4493CEC89C5 /* UIControl+TargetActionable.swift */ = {isa = PBXFileReference; includeInIndex = 1; lastKnownFileType = sourcecode.swift; path = "UIControl+TargetActionable.swift"; sourceTree = "<group>"; };
		A23BFF9E0A464F527CABB2D1 /* ListViewController.swift */ = {isa = PBXFileReference; includeInIndex = 1; lastKnownFileType = sourcecode.swift; path = ListViewController.swift; sourceTree = "<group>"; };
		A2CC6990EC4D4F3EC61E860E /* Pods_DemoTests.framework */ = {isa = PBXFileReference; explicitFileType = wrapper.framework; includeInIndex = 0; path = Pods_DemoTests.framework; sourceTree = BUILT_PRODUCTS_DIR; };
		A7F9CD3F9A685E6FCBFB3C07 /* TodoCell.swift */ = {isa = PBXFileReference; includeInIndex = 1; lastKnownFileType = sourcecode.swift; path = TodoCell.swift; sourceTree = "<group>"; };
		AA4A820D40CE870E01E7D32A /* ViewControllerWithLocalState.swift */ = {isa = PBXFileReference; includeInIndex = 1; lastKnownFileType = sourcecode.swift; path = ViewControllerWithLocalState.swift; sourceTree = "<group>"; };
		B6D941EC2B28B3DF24BE2DA7 /* ViewController+Containment.swift */ = {isa = PBXFileReference; includeInIndex = 1; lastKnownFileType = sourcecode.swift; path = "ViewController+Containment.swift"; sourceTree = "<group>"; };
		B6E90E24791D765ABC6A9304 /* NavigationUtilities.swift */ = {isa = PBXFileReference; includeInIndex = 1; lastKnownFileType = sourcecode.swift; path = NavigationUtilities.swift; sourceTree = "<group>"; };
		B853F191D2F8F178756D5872 /* UITests.swift */ = {isa = PBXFileReference; includeInIndex = 1; lastKnownFileType = sourcecode.swift; path = UITests.swift; sourceTree = "<group>"; };
		BBAF44EF5056FE4C19A1C005 /* Demo.app */ = {isa = PBXFileReference; explicitFileType = wrapper.application; includeInIndex = 0; path = Demo.app; sourceTree = BUILT_PRODUCTS_DIR; };
		C31978FB6F338CDAB9A0D41D /* Pods-TempuraTesting.release.xcconfig */ = {isa = PBXFileReference; includeInIndex = 1; lastKnownFileType = text.xcconfig; name = "Pods-TempuraTesting.release.xcconfig"; path = "Pods/Target Support Files/Pods-TempuraTesting/Pods-TempuraTesting.release.xcconfig"; sourceTree = "<group>"; };
		C9936772F838D8C2CCF89E18 /* ViewControllerWithLocalStateSpec.swift */ = {isa = PBXFileReference; includeInIndex = 1; lastKnownFileType = sourcecode.swift; path = ViewControllerWithLocalStateSpec.swift; sourceTree = "<group>"; };
		C9B4646D714F6E6378254870 /* MainThread.swift */ = {isa = PBXFileReference; includeInIndex = 1; lastKnownFileType = sourcecode.swift; path = MainThread.swift; sourceTree = "<group>"; };
		CAF5914A1E24E29DC7ADB762 /* String+Random.swift */ = {isa = PBXFileReference; includeInIndex = 1; lastKnownFileType = sourcecode.swift; path = "String+Random.swift"; sourceTree = "<group>"; };
		D01B36BBEECC4649A0F53E0C /* LocalState.swift */ = {isa = PBXFileReference; includeInIndex = 1; lastKnownFileType = sourcecode.swift; path = LocalState.swift; sourceTree = "<group>"; };
		DC8A65A70B7F93DE5A407011 /* CGRect+Utils.swift */ = {isa = PBXFileReference; includeInIndex = 1; lastKnownFileType = sourcecode.swift; path = "CGRect+Utils.swift"; sourceTree = "<group>"; };
		DF06D904D61E8F79D2CE701B /* ListView.swift */ = {isa = PBXFileReference; includeInIndex = 1; lastKnownFileType = sourcecode.swift; path = ListView.swift; sourceTree = "<group>"; };
		E43DB659E379F5729409D912 /* UIKit.framework */ = {isa = PBXFileReference; lastKnownFileType = wrapper.framework; name = UIKit.framework; path = Platforms/iPhoneOS.platform/Developer/SDKs/iPhoneOS11.3.sdk/System/Library/Frameworks/UIKit.framework; sourceTree = DEVELOPER_DIR; };
		E56131672949A5E6A5F26568 /* DemoTests.swift */ = {isa = PBXFileReference; includeInIndex = 1; lastKnownFileType = sourcecode.swift; path = DemoTests.swift; sourceTree = "<group>"; };
		E96B410A6BEEC65A12B57DE3 /* ModellableView.swift */ = {isa = PBXFileReference; includeInIndex = 1; lastKnownFileType = sourcecode.swift; path = ModellableView.swift; sourceTree = "<group>"; };
		E9FF854EF08A21816E65A8C3 /* UINavigationController+Completion.swift */ = {isa = PBXFileReference; includeInIndex = 1; lastKnownFileType = sourcecode.swift; path = "UINavigationController+Completion.swift"; sourceTree = "<group>"; };
		EE48490B7C7C57EFF623BEC1 /* ViewModel.swift */ = {isa = PBXFileReference; includeInIndex = 1; lastKnownFileType = sourcecode.swift; path = ViewModel.swift; sourceTree = "<group>"; };
		F28FA02304732AA37F696C3D /* LocalFileURLProtocol.swift */ = {isa = PBXFileReference; includeInIndex = 1; lastKnownFileType = sourcecode.swift; path = LocalFileURLProtocol.swift; sourceTree = "<group>"; };
		F32F4AD75AB05624472F8090 /* AddItemView.swift */ = {isa = PBXFileReference; includeInIndex = 1; lastKnownFileType = sourcecode.swift; path = AddItemView.swift; sourceTree = "<group>"; };
		F362CDEAFC138C7A5166E6DC /* NavigationDSL.swift */ = {isa = PBXFileReference; includeInIndex = 1; lastKnownFileType = sourcecode.swift; path = NavigationDSL.swift; sourceTree = "<group>"; };
		F7D38EC223120B703126148B /* NavigationProvider.swift */ = {isa = PBXFileReference; includeInIndex = 1; lastKnownFileType = sourcecode.swift; path = NavigationProvider.swift; sourceTree = "<group>"; };
		F839B45D66A6F3EFBE759E52 /* TempuraTesting.framework */ = {isa = PBXFileReference; explicitFileType = wrapper.framework; includeInIndex = 0; path = TempuraTesting.framework; sourceTree = BUILT_PRODUCTS_DIR; };
		F862DED732ECA78FC2D30164 /* Models.swift */ = {isa = PBXFileReference; includeInIndex = 1; lastKnownFileType = sourcecode.swift; path = Models.swift; sourceTree = "<group>"; };
		FA645470A27E0EDB8F7113BF /* Pods_Tempura.framework */ = {isa = PBXFileReference; explicitFileType = wrapper.framework; includeInIndex = 0; path = Pods_Tempura.framework; sourceTree = BUILT_PRODUCTS_DIR; };
		FFB837FED084E40C920D7756 /* UIView+Blink.swift */ = {isa = PBXFileReference; includeInIndex = 1; lastKnownFileType = sourcecode.swift; path = "UIView+Blink.swift"; sourceTree = "<group>"; };
/* End PBXFileReference section */

/* Begin PBXFrameworksBuildPhase section */
		0E320C8BF4BFFAD23CA3C7C0 /* Frameworks */ = {
			isa = PBXFrameworksBuildPhase;
			buildActionMask = 2147483647;
			files = (
				8CC02B8B1AC87705C6E98CC1 /* Tempura.framework in Frameworks */,
				7FBC815764A802E35B005833 /* Foundation.framework in Frameworks */,
				40A3D995F83CFBFA732D10A2 /* UIKit.framework in Frameworks */,
				B11CFAAC64DCECCF8B1D6F72 /* Pods_TempuraTests.framework in Frameworks */,
			);
			runOnlyForDeploymentPostprocessing = 0;
		};
		47B49AA89C20B00A6121F86C /* Frameworks */ = {
			isa = PBXFrameworksBuildPhase;
			buildActionMask = 2147483647;
			files = (
				7F1B9EAE20E1E1086A01FDC6 /* Demo.app in Frameworks */,
				9CB31AF8A7CFF3F7114E2949 /* Foundation.framework in Frameworks */,
				B068CE3700771C35ABC3ADEB /* UIKit.framework in Frameworks */,
				A143C4050EFC7B35BB935DE7 /* Pods_DemoTests.framework in Frameworks */,
			);
			runOnlyForDeploymentPostprocessing = 0;
		};
		7D872CA8A98B731B8003DC59 /* Frameworks */ = {
			isa = PBXFrameworksBuildPhase;
			buildActionMask = 2147483647;
			files = (
				39BECB701C79C9275E7030FA /* Foundation.framework in Frameworks */,
				F456C6A8343FD6DAD16F29E6 /* UIKit.framework in Frameworks */,
				B3092829130D9DA2BF533282 /* Pods_Tempura.framework in Frameworks */,
			);
			runOnlyForDeploymentPostprocessing = 0;
		};
		8C76C7B80081652FDBA9ED4F /* Frameworks */ = {
			isa = PBXFrameworksBuildPhase;
			buildActionMask = 2147483647;
			files = (
				5ACFDE17E50C0D454DFAEEB8 /* Foundation.framework in Frameworks */,
				1A1F679F4B8385CBBD770ED8 /* UIKit.framework in Frameworks */,
				D98BBD26A96F6564715F4FE6 /* Pods_TempuraTesting.framework in Frameworks */,
			);
			runOnlyForDeploymentPostprocessing = 0;
		};
		C9DEC27B6F1CFD98A6B977AA /* Frameworks */ = {
			isa = PBXFrameworksBuildPhase;
			buildActionMask = 2147483647;
			files = (
				82ABE1C79910F9AF15916514 /* Tempura.framework in Frameworks */,
				3382C1B92FFB58BEAEBF3052 /* Foundation.framework in Frameworks */,
				0484D9573D34F36F564EC425 /* UIKit.framework in Frameworks */,
				91FB1141814BBCC3E041C440 /* Pods_Tempura_Demo.framework in Frameworks */,
			);
			runOnlyForDeploymentPostprocessing = 0;
		};
/* End PBXFrameworksBuildPhase section */

/* Begin PBXGroup section */
		00CB2A53F60D4ADF3900DA2A /* Resources */ = {
			isa = PBXGroup;
			children = (
				8690B22B8A30F11D754CF49D /* Media.xcassets */,
			);
			name = Resources;
			path = Resources;
			sourceTree = "<group>";
		};
		0796A5A8A341A80F295A8D77 /* ListScreen */ = {
			isa = PBXGroup;
			children = (
				A23BFF9E0A464F527CABB2D1 /* ListViewController.swift */,
				DF06D904D61E8F79D2CE701B /* ListView.swift */,
				0DD478D2334161690E56AB44 /* Subviews */,
				4AC1FF2B72CD8C1E1153EABF /* ChildViewController.swift */,
			);
			name = ListScreen;
			path = ListScreen;
			sourceTree = "<group>";
		};
		0DD478D2334161690E56AB44 /* Subviews */ = {
			isa = PBXGroup;
			children = (
				0F0B8F2C9EE5DF1A55AFA0AB /* ArchiveFlowLayout.swift */,
				A7F9CD3F9A685E6FCBFB3C07 /* TodoCell.swift */,
				3AB5750F1A4A880B47437C44 /* TodoFlowLayout.swift */,
			);
			name = Subviews;
			path = Subviews;
			sourceTree = "<group>";
		};
		1A7605A028424AA10CDC4292 /* Application */ = {
			isa = PBXGroup;
			children = (
				4EA5181D0826F46CB268D150 /* AppDelegate.swift */,
			);
			name = Application;
			path = Application;
			sourceTree = "<group>";
		};
		26A51FD85FAC68F764FC9A11 /* Dependencies */ = {
			isa = PBXGroup;
			children = (
				76C842886C413FFAA631C9C9 /* DependenciesContainer.swift */,
			);
			name = Dependencies;
			path = Dependencies;
			sourceTree = "<group>";
		};
		31CC80ACBC23EFCCCB155E79 /* UI */ = {
			isa = PBXGroup;
			children = (
				0796A5A8A341A80F295A8D77 /* ListScreen */,
				CF6BDBECAC9D41C6A6E5EFED /* AddItemScreen */,
			);
			name = UI;
			path = UI;
			sourceTree = "<group>";
		};
		31FD9DADB0CFB45C4B082CCE /* TempuraTests */ = {
			isa = PBXGroup;
			children = (
				7EB295B059A7B287CD0A8306 /* ViewControllerSpec.swift */,
				C9936772F838D8C2CCF89E18 /* ViewControllerWithLocalStateSpec.swift */,
				06F3D2BF8CE9A5F332179141 /* ViewControlerContainmentSpec.swift */,
			);
			name = TempuraTests;
			path = TempuraTests;
			sourceTree = "<group>";
		};
		3616B300F03154E59CB79148 /* Utilities */ = {
			isa = PBXGroup;
			children = (
				9D323EDE6866A4493CEC89C5 /* UIControl+TargetActionable.swift */,
				CAF5914A1E24E29DC7ADB762 /* String+Random.swift */,
				A76C22218093C887390E8520 /* CollectionView */,
				DC8A65A70B7F93DE5A407011 /* CGRect+Utils.swift */,
				FFB837FED084E40C920D7756 /* UIView+Blink.swift */,
				79709A26C0AFFD460177F61D /* String+Height.swift */,
			);
			name = Utilities;
			path = Utilities;
			sourceTree = "<group>";
		};
		38FD03BF6DBD685A88720CF1 /* DemoTests */ = {
			isa = PBXGroup;
			children = (
				E56131672949A5E6A5F26568 /* DemoTests.swift */,
			);
			name = DemoTests;
			path = DemoTests;
			sourceTree = "<group>";
		};
		3C46FA4C6982E359C73FB89F /* Pods */ = {
			isa = PBXGroup;
			children = (
				16C40E6D80AA7E566F489B8F /* Pods-DemoTests.debug.xcconfig */,
				983B8A3CFB70568DA097AEF2 /* Pods-DemoTests.release.xcconfig */,
				5110CAB236448B4251605A4B /* Pods-Tempura.debug.xcconfig */,
				02648BE03503594F16E1BACF /* Pods-Tempura.release.xcconfig */,
				75BE789CC542C89BCA59BC4E /* Pods-Tempura-Demo.debug.xcconfig */,
				7C7DC56CCC5BE14482AEE335 /* Pods-Tempura-Demo.release.xcconfig */,
				394C8A329E3FAA10F9F84289 /* Pods-TempuraTesting.debug.xcconfig */,
				C31978FB6F338CDAB9A0D41D /* Pods-TempuraTesting.release.xcconfig */,
				189627DB71A20362FA1BF928 /* Pods-TempuraTests.debug.xcconfig */,
				6CF97798DD5CC9299245340B /* Pods-TempuraTests.release.xcconfig */,
			);
			name = Pods;
			sourceTree = "<group>";
		};
		4EC1C9B54D8C95261B138D9C /* Core */ = {
			isa = PBXGroup;
			children = (
				96A6CC05E8285AA21146DEAE /* ViewController.swift */,
				28EBC6770288BB8366FCE19B /* View.swift */,
				99C88D91408BA73F0A9D9A65 /* ViewModelWithState.swift */,
				E96B410A6BEEC65A12B57DE3 /* ModellableView.swift */,
				62E20284D2FED93ADDD2F4B3 /* ViewModelWithLocalState.swift */,
				D01B36BBEECC4649A0F53E0C /* LocalState.swift */,
				EE48490B7C7C57EFF623BEC1 /* ViewModel.swift */,
				999315553E964397ED05AEE1 /* ViewControllerModellableView.swift */,
				AA4A820D40CE870E01E7D32A /* ViewControllerWithLocalState.swift */,
				B6D941EC2B28B3DF24BE2DA7 /* ViewController+Containment.swift */,
			);
			name = Core;
			path = Core;
			sourceTree = "<group>";
		};
		5B763946694B569AB962A95A = {
			isa = PBXGroup;
			children = (
				A816ADC248D7D449F68C1F04 /* Products */,
				31FD9DADB0CFB45C4B082CCE /* TempuraTests */,
				E78143DDD11CE0F27D2F94A4 /* Tempura */,
				38FD03BF6DBD685A88720CF1 /* DemoTests */,
				B697A404C5E0BF43CCD1F43A /* Demo */,
				94430E8300B6A575B6EF6E71 /* Frameworks */,
				3C46FA4C6982E359C73FB89F /* Pods */,
			);
			sourceTree = "<group>";
		};
		6303F669CD5C83019FB8CB84 /* UITests */ = {
			isa = PBXGroup;
			children = (
				B853F191D2F8F178756D5872 /* UITests.swift */,
				F28FA02304732AA37F696C3D /* LocalFileURLProtocol.swift */,
				6309C0A04948CF4F6558610E /* UIView+snapshot.swift */,
				8EC5DD5A23B7AD5BF59379F2 /* ViewTestCase.swift */,
				912923F64FAD71F5EFC86F70 /* ViewControllerTestCase.swift */,
			);
			name = UITests;
			path = UITests;
			sourceTree = "<group>";
		};
		7EC09F32172116A68E7CF27E /* SupportingFiles */ = {
			isa = PBXGroup;
			children = (
				3DF156EAE0D0E2C168DCFCFF /* Tempura.h */,
			);
			name = SupportingFiles;
			path = SupportingFiles;
			sourceTree = "<group>";
		};
		8A14859EE695F9D83BE93C96 /* Subviews */ = {
			isa = PBXGroup;
			children = (
				28B737B5B70FDD17638314C5 /* TextView.swift */,
			);
			name = Subviews;
			path = Subviews;
			sourceTree = "<group>";
		};
		94430E8300B6A575B6EF6E71 /* Frameworks */ = {
			isa = PBXGroup;
			children = (
				CC049E9E1042BD29A2552ED7 /* iOS */,
				A2CC6990EC4D4F3EC61E860E /* Pods_DemoTests.framework */,
				FA645470A27E0EDB8F7113BF /* Pods_Tempura.framework */,
				311628FCA12D17378A9787AD /* Pods_Tempura_Demo.framework */,
				4221AD921D106737B87B0D37 /* Pods_TempuraTesting.framework */,
				49BDDE26DB99898D8B804D5F /* Pods_TempuraTests.framework */,
			);
			name = Frameworks;
			sourceTree = "<group>";
		};
		95CCBA36C6F81EF7D0437CB2 /* Navigation */ = {
			isa = PBXGroup;
			children = (
				6098E71BE49993C3DE533BDE /* AppNavigation.swift */,
			);
			name = Navigation;
			path = Navigation;
			sourceTree = "<group>";
		};
		A76C22218093C887390E8520 /* CollectionView */ = {
			isa = PBXGroup;
			children = (
				1D0844AC741A14600301ED47 /* Source.swift */,
				69648C2C887CB08D6C8E5DEB /* CollectionView.swift */,
				861F78CDB0E0FA02A5BA7691 /* DataSource.swift */,
				35DA26AB3FECC432CA17A38F /* ConfigurableCell.swift */,
			);
			name = CollectionView;
			path = CollectionView;
			sourceTree = "<group>";
		};
		A816ADC248D7D449F68C1F04 /* Products */ = {
			isa = PBXGroup;
			children = (
				019A9101238E41C7E02B2199 /* TempuraTests.xctest */,
				6B4F156025BA73A727CD7649 /* Tempura.framework */,
				F839B45D66A6F3EFBE759E52 /* TempuraTesting.framework */,
				148A21A85DE121A9FD5AC103 /* DemoTests.xctest */,
				BBAF44EF5056FE4C19A1C005 /* Demo.app */,
			);
			name = Products;
			sourceTree = "<group>";
		};
		AE66E6700F70891AEEF9A605 /* Utilities */ = {
			isa = PBXGroup;
			children = (
				C9B4646D714F6E6378254870 /* MainThread.swift */,
			);
			name = Utilities;
			path = Utilities;
			sourceTree = "<group>";
		};
		B697A404C5E0BF43CCD1F43A /* Demo */ = {
			isa = PBXGroup;
			children = (
				31CC80ACBC23EFCCCB155E79 /* UI */,
				95CCBA36C6F81EF7D0437CB2 /* Navigation */,
				26A51FD85FAC68F764FC9A11 /* Dependencies */,
				F125B02ABDDBD22A1A0DDB98 /* State */,
				3616B300F03154E59CB79148 /* Utilities */,
				C61CAD8A91A5366111E9C220 /* Actions */,
				1A7605A028424AA10CDC4292 /* Application */,
				00CB2A53F60D4ADF3900DA2A /* Resources */,
			);
			name = Demo;
			path = Demo;
			sourceTree = "<group>";
		};
		C61CAD8A91A5366111E9C220 /* Actions */ = {
			isa = PBXGroup;
			children = (
				53042F59CE32ECC119FAF909 /* ItemActions.swift */,
			);
			name = Actions;
			path = Actions;
			sourceTree = "<group>";
		};
		CC049E9E1042BD29A2552ED7 /* iOS */ = {
			isa = PBXGroup;
			children = (
				8ED439DDC27CB9D63A613D71 /* Foundation.framework */,
				E43DB659E379F5729409D912 /* UIKit.framework */,
			);
			name = iOS;
			sourceTree = "<group>";
		};
		CF6BDBECAC9D41C6A6E5EFED /* AddItemScreen */ = {
			isa = PBXGroup;
			children = (
				8A14859EE695F9D83BE93C96 /* Subviews */,
				F32F4AD75AB05624472F8090 /* AddItemView.swift */,
				2C0634F12379FE56504A25FC /* AddItemViewController.swift */,
			);
			name = AddItemScreen;
			path = AddItemScreen;
			sourceTree = "<group>";
		};
		E78143DDD11CE0F27D2F94A4 /* Tempura */ = {
			isa = PBXGroup;
			children = (
				4EC1C9B54D8C95261B138D9C /* Core */,
				FAD928CC504F8A796530DC73 /* Navigation */,
				AE66E6700F70891AEEF9A605 /* Utilities */,
				6303F669CD5C83019FB8CB84 /* UITests */,
				7EC09F32172116A68E7CF27E /* SupportingFiles */,
			);
			name = Tempura;
			path = Tempura;
			sourceTree = "<group>";
		};
		F125B02ABDDBD22A1A0DDB98 /* State */ = {
			isa = PBXGroup;
			children = (
				53465F9B2EF3A6A3844F3A58 /* AppState.swift */,
				F862DED732ECA78FC2D30164 /* Models.swift */,
			);
			name = State;
			path = State;
			sourceTree = "<group>";
		};
		FAD928CC504F8A796530DC73 /* Navigation */ = {
			isa = PBXGroup;
			children = (
				E9FF854EF08A21816E65A8C3 /* UINavigationController+Completion.swift */,
				1524C0C061413DE048728473 /* NavigationActions.swift */,
				B6E90E24791D765ABC6A9304 /* NavigationUtilities.swift */,
				7CB14A6143AF8C68717C6547 /* Routable.swift */,
				6CC4D976F22221713F918D45 /* RootInstaller.swift */,
				F362CDEAFC138C7A5166E6DC /* NavigationDSL.swift */,
				F7D38EC223120B703126148B /* NavigationProvider.swift */,
				15845DCA84EFF9B9C4C515FA /* Navigator.swift */,
			);
			name = Navigation;
			path = Navigation;
			sourceTree = "<group>";
		};
/* End PBXGroup section */

/* Begin PBXHeadersBuildPhase section */
		064FF6931C6F4F63FE1E426C /* Headers */ = {
			isa = PBXHeadersBuildPhase;
			buildActionMask = 2147483647;
			files = (
				9FB943D10DA9F72577450A89 /* Tempura.h in Headers */,
			);
			runOnlyForDeploymentPostprocessing = 0;
		};
		80EDD9B030EC08C34CF53A1D /* Headers */ = {
			isa = PBXHeadersBuildPhase;
			buildActionMask = 2147483647;
			files = (
				6EAD41FF1175686A52B7596F /* Tempura.h in Headers */,
			);
			runOnlyForDeploymentPostprocessing = 0;
		};
/* End PBXHeadersBuildPhase section */

/* Begin PBXNativeTarget section */
		463B08FD56F78F2D7F0904E9 /* DemoTests */ = {
			isa = PBXNativeTarget;
			buildConfigurationList = 68475462C31C9266B3CE2128 /* Build configuration list for PBXNativeTarget "DemoTests" */;
			buildPhases = (
				2D81A6A6600E703655BDCA9F /* [CP] Check Pods Manifest.lock */,
				47B49AA89C20B00A6121F86C /* Frameworks */,
				015C79207B40F8D2EEFBCB72 /* Sources */,
				B7E8C4A70B9C8DAE889BC83B /* Lint */,
				C58BF76DA6DA09BB3463F7B7 /* [CP] Embed Pods Frameworks */,
			);
			buildRules = (
			);
			dependencies = (
				E54FD27DE6C478213BC5EBEE /* PBXTargetDependency */,
			);
			name = DemoTests;
			productName = DemoTests;
			productReference = 148A21A85DE121A9FD5AC103 /* DemoTests.xctest */;
			productType = "com.apple.product-type.bundle.unit-test";
		};
		A1389E2C90FB274567EB00F7 /* Tempura */ = {
			isa = PBXNativeTarget;
			buildConfigurationList = 636E5367004736B36D6066E4 /* Build configuration list for PBXNativeTarget "Tempura" */;
			buildPhases = (
				FF031E2C5E102AADE39A7FE2 /* [CP] Check Pods Manifest.lock */,
				01C7C9CAB4634C33B19349F5 /* Sources */,
				7D872CA8A98B731B8003DC59 /* Frameworks */,
				064FF6931C6F4F63FE1E426C /* Headers */,
				85A81723C2FE1F5A2AAFAB60 /* Lint */,
			);
			buildRules = (
			);
			dependencies = (
			);
			name = Tempura;
			productName = Tempura;
			productReference = 6B4F156025BA73A727CD7649 /* Tempura.framework */;
			productType = "com.apple.product-type.framework";
		};
		B437ED925E4B0FBC1C6DF63B /* TempuraTesting */ = {
			isa = PBXNativeTarget;
			buildConfigurationList = D10317CDE194193B53048089 /* Build configuration list for PBXNativeTarget "TempuraTesting" */;
			buildPhases = (
				EE512BB7B33CE861B4B6BCB3 /* [CP] Check Pods Manifest.lock */,
				D82D49D39A8D730457CC9584 /* Sources */,
				8C76C7B80081652FDBA9ED4F /* Frameworks */,
				80EDD9B030EC08C34CF53A1D /* Headers */,
				BF74842AFCCD239C6B97D025 /* Lint */,
			);
			buildRules = (
			);
			dependencies = (
			);
			name = TempuraTesting;
			productName = TempuraTesting;
			productReference = F839B45D66A6F3EFBE759E52 /* TempuraTesting.framework */;
			productType = "com.apple.product-type.framework";
		};
		C48B2C6F37E2641AC90FD5BB /* TempuraTests */ = {
			isa = PBXNativeTarget;
			buildConfigurationList = ECB39273DF7F033DE9E4BF50 /* Build configuration list for PBXNativeTarget "TempuraTests" */;
			buildPhases = (
				F73A77013F77BF82737F6D21 /* [CP] Check Pods Manifest.lock */,
				0E320C8BF4BFFAD23CA3C7C0 /* Frameworks */,
				B495761916DA4A81B728CD58 /* Sources */,
				B4C2B9901D84F7E913D0C701 /* Lint */,
				CBAFC27696123FC96615F475 /* [CP] Embed Pods Frameworks */,
			);
			buildRules = (
			);
			dependencies = (
				F1436317566FD62CE02091AF /* PBXTargetDependency */,
			);
			name = TempuraTests;
			productName = TempuraTests;
			productReference = 019A9101238E41C7E02B2199 /* TempuraTests.xctest */;
			productType = "com.apple.product-type.bundle.unit-test";
		};
		CB464AD513E869DB4BE0BB84 /* Demo */ = {
			isa = PBXNativeTarget;
			buildConfigurationList = CE865A114656481F78AA7A53 /* Build configuration list for PBXNativeTarget "Demo" */;
			buildPhases = (
				93A8CE45B35EDACC9AEB9BF3 /* [CP] Check Pods Manifest.lock */,
				C9DEC27B6F1CFD98A6B977AA /* Frameworks */,
				6E5F054AAB054A4D8DD8F99D /* Sources */,
				20F7941CC56B714AE849116C /* Resources */,
				BFECF1A531576FC5E227BA5C /* Lint */,
				852A98B377672F35D169D4AA /* [CP] Embed Pods Frameworks */,
			);
			buildRules = (
			);
			dependencies = (
				D9FB760A69260BAA5DD618A9 /* PBXTargetDependency */,
			);
			name = Demo;
			productName = Demo;
			productReference = BBAF44EF5056FE4C19A1C005 /* Demo.app */;
			productType = "com.apple.product-type.application";
		};
/* End PBXNativeTarget section */

/* Begin PBXProject section */
		101B4AB3F10B9E0B33650F69 /* Project object */ = {
			isa = PBXProject;
			attributes = {
				LastSwiftUpdateCheck = 0930;
				LastUpgradeCheck = 0930;
			};
			buildConfigurationList = F56D569E1356FC5D996DD5B8 /* Build configuration list for PBXProject "Tempura" */;
			compatibilityVersion = "Xcode 3.2";
			developmentRegion = English;
			hasScannedForEncodings = 0;
			knownRegions = (
				en,
			);
			mainGroup = 5B763946694B569AB962A95A;
			productRefGroup = A816ADC248D7D449F68C1F04 /* Products */;
			projectDirPath = "";
			projectRoot = "";
			targets = (
				C48B2C6F37E2641AC90FD5BB /* TempuraTests */,
				A1389E2C90FB274567EB00F7 /* Tempura */,
				B437ED925E4B0FBC1C6DF63B /* TempuraTesting */,
				463B08FD56F78F2D7F0904E9 /* DemoTests */,
				CB464AD513E869DB4BE0BB84 /* Demo */,
			);
		};
/* End PBXProject section */

/* Begin PBXResourcesBuildPhase section */
		20F7941CC56B714AE849116C /* Resources */ = {
			isa = PBXResourcesBuildPhase;
			buildActionMask = 2147483647;
			files = (
				BFC55B9021B3EBC1BA1C8E2E /* Media.xcassets in Resources */,
			);
			runOnlyForDeploymentPostprocessing = 0;
		};
/* End PBXResourcesBuildPhase section */

/* Begin PBXShellScriptBuildPhase section */
		2D81A6A6600E703655BDCA9F /* [CP] Check Pods Manifest.lock */ = {
			isa = PBXShellScriptBuildPhase;
			buildActionMask = 2147483647;
			files = (
			);
			inputFileListPaths = (
			);
			inputPaths = (
				"${PODS_PODFILE_DIR_PATH}/Podfile.lock",
				"${PODS_ROOT}/Manifest.lock",
			);
			name = "[CP] Check Pods Manifest.lock";
			outputFileListPaths = (
			);
			outputPaths = (
				"$(DERIVED_FILE_DIR)/Pods-DemoTests-checkManifestLockResult.txt",
			);
			runOnlyForDeploymentPostprocessing = 0;
			shellPath = /bin/sh;
			shellScript = "diff \"${PODS_PODFILE_DIR_PATH}/Podfile.lock\" \"${PODS_ROOT}/Manifest.lock\" > /dev/null\nif [ $? != 0 ] ; then\n    # print error to STDERR\n    echo \"error: The sandbox is not in sync with the Podfile.lock. Run 'pod install' or update your CocoaPods installation.\" >&2\n    exit 1\nfi\n# This output is used by Xcode 'outputs' to avoid re-running this script phase.\necho \"SUCCESS\" > \"${SCRIPT_OUTPUT_FILE_0}\"\n";
			showEnvVarsInLog = 0;
		};
		852A98B377672F35D169D4AA /* [CP] Embed Pods Frameworks */ = {
			isa = PBXShellScriptBuildPhase;
			buildActionMask = 2147483647;
			files = (
			);
			inputFileListPaths = (
			);
			inputPaths = (
				"${SRCROOT}/Pods/Target Support Files/Pods-Tempura-Demo/Pods-Tempura-Demo-frameworks.sh",
				"${BUILT_PRODUCTS_DIR}/HydraAsync/Hydra.framework",
				"${BUILT_PRODUCTS_DIR}/Katana/Katana.framework",
				"${BUILT_PRODUCTS_DIR}/DeepDiff/DeepDiff.framework",
				"${BUILT_PRODUCTS_DIR}/PinLayout/PinLayout.framework",
			);
			name = "[CP] Embed Pods Frameworks";
			outputFileListPaths = (
			);
			outputPaths = (
				"${TARGET_BUILD_DIR}/${FRAMEWORKS_FOLDER_PATH}/Hydra.framework",
				"${TARGET_BUILD_DIR}/${FRAMEWORKS_FOLDER_PATH}/Katana.framework",
				"${TARGET_BUILD_DIR}/${FRAMEWORKS_FOLDER_PATH}/DeepDiff.framework",
				"${TARGET_BUILD_DIR}/${FRAMEWORKS_FOLDER_PATH}/PinLayout.framework",
			);
			runOnlyForDeploymentPostprocessing = 0;
			shellPath = /bin/sh;
			shellScript = "\"${SRCROOT}/Pods/Target Support Files/Pods-Tempura-Demo/Pods-Tempura-Demo-frameworks.sh\"\n";
			showEnvVarsInLog = 0;
		};
		85A81723C2FE1F5A2AAFAB60 /* Lint */ = {
			isa = PBXShellScriptBuildPhase;
			buildActionMask = 2147483647;
			files = (
			);
			inputFileListPaths = (
			);
			inputPaths = (
			);
			name = Lint;
			outputFileListPaths = (
			);
			outputPaths = (
			);
			runOnlyForDeploymentPostprocessing = 0;
			shellPath = /bin/sh;
			shellScript = "if which swiftlint >/dev/null; then\n    swiftlint\nelse\n    echo \"warning: SwiftLint not installed, download from https://github.com/realm/SwiftLint\"\nfi\n";
			showEnvVarsInLog = 1;
		};
		93A8CE45B35EDACC9AEB9BF3 /* [CP] Check Pods Manifest.lock */ = {
			isa = PBXShellScriptBuildPhase;
			buildActionMask = 2147483647;
			files = (
			);
			inputFileListPaths = (
			);
			inputPaths = (
				"${PODS_PODFILE_DIR_PATH}/Podfile.lock",
				"${PODS_ROOT}/Manifest.lock",
			);
			name = "[CP] Check Pods Manifest.lock";
			outputFileListPaths = (
			);
			outputPaths = (
				"$(DERIVED_FILE_DIR)/Pods-Tempura-Demo-checkManifestLockResult.txt",
			);
			runOnlyForDeploymentPostprocessing = 0;
			shellPath = /bin/sh;
			shellScript = "diff \"${PODS_PODFILE_DIR_PATH}/Podfile.lock\" \"${PODS_ROOT}/Manifest.lock\" > /dev/null\nif [ $? != 0 ] ; then\n    # print error to STDERR\n    echo \"error: The sandbox is not in sync with the Podfile.lock. Run 'pod install' or update your CocoaPods installation.\" >&2\n    exit 1\nfi\n# This output is used by Xcode 'outputs' to avoid re-running this script phase.\necho \"SUCCESS\" > \"${SCRIPT_OUTPUT_FILE_0}\"\n";
			showEnvVarsInLog = 0;
		};
		B4C2B9901D84F7E913D0C701 /* Lint */ = {
			isa = PBXShellScriptBuildPhase;
			buildActionMask = 2147483647;
			files = (
			);
			inputFileListPaths = (
			);
			inputPaths = (
			);
			name = Lint;
			outputFileListPaths = (
			);
			outputPaths = (
			);
			runOnlyForDeploymentPostprocessing = 0;
			shellPath = /bin/sh;
			shellScript = "if which swiftlint >/dev/null; then\n    swiftlint\nelse\n    echo \"warning: SwiftLint not installed, download from https://github.com/realm/SwiftLint\"\nfi\n";
			showEnvVarsInLog = 1;
		};
		B7E8C4A70B9C8DAE889BC83B /* Lint */ = {
			isa = PBXShellScriptBuildPhase;
			buildActionMask = 2147483647;
			files = (
			);
			inputFileListPaths = (
			);
			inputPaths = (
			);
			name = Lint;
			outputFileListPaths = (
			);
			outputPaths = (
			);
			runOnlyForDeploymentPostprocessing = 0;
			shellPath = /bin/sh;
			shellScript = "if which swiftlint >/dev/null; then\n    swiftlint\nelse\n    echo \"warning: SwiftLint not installed, download from https://github.com/realm/SwiftLint\"\nfi\n";
			showEnvVarsInLog = 1;
		};
		BF74842AFCCD239C6B97D025 /* Lint */ = {
			isa = PBXShellScriptBuildPhase;
			buildActionMask = 2147483647;
			files = (
			);
			inputFileListPaths = (
			);
			inputPaths = (
			);
			name = Lint;
			outputFileListPaths = (
			);
			outputPaths = (
			);
			runOnlyForDeploymentPostprocessing = 0;
			shellPath = /bin/sh;
			shellScript = "if which swiftlint >/dev/null; then\n    swiftlint\nelse\n    echo \"warning: SwiftLint not installed, download from https://github.com/realm/SwiftLint\"\nfi\n";
			showEnvVarsInLog = 1;
		};
		BFECF1A531576FC5E227BA5C /* Lint */ = {
			isa = PBXShellScriptBuildPhase;
			buildActionMask = 2147483647;
			files = (
			);
			inputFileListPaths = (
			);
			inputPaths = (
			);
			name = Lint;
			outputFileListPaths = (
			);
			outputPaths = (
			);
			runOnlyForDeploymentPostprocessing = 0;
			shellPath = /bin/sh;
			shellScript = "if which swiftlint >/dev/null; then\n    swiftlint\nelse\n    echo \"warning: SwiftLint not installed, download from https://github.com/realm/SwiftLint\"\nfi\n";
			showEnvVarsInLog = 1;
		};
		C58BF76DA6DA09BB3463F7B7 /* [CP] Embed Pods Frameworks */ = {
			isa = PBXShellScriptBuildPhase;
			buildActionMask = 2147483647;
			files = (
			);
			inputFileListPaths = (
			);
			inputPaths = (
				"${SRCROOT}/Pods/Target Support Files/Pods-DemoTests/Pods-DemoTests-frameworks.sh",
				"${BUILT_PRODUCTS_DIR}/Nimble/Nimble.framework",
				"${BUILT_PRODUCTS_DIR}/Quick/Quick.framework",
			);
			name = "[CP] Embed Pods Frameworks";
			outputFileListPaths = (
			);
			outputPaths = (
				"${TARGET_BUILD_DIR}/${FRAMEWORKS_FOLDER_PATH}/Nimble.framework",
				"${TARGET_BUILD_DIR}/${FRAMEWORKS_FOLDER_PATH}/Quick.framework",
			);
			runOnlyForDeploymentPostprocessing = 0;
			shellPath = /bin/sh;
			shellScript = "\"${SRCROOT}/Pods/Target Support Files/Pods-DemoTests/Pods-DemoTests-frameworks.sh\"\n";
			showEnvVarsInLog = 0;
		};
		CBAFC27696123FC96615F475 /* [CP] Embed Pods Frameworks */ = {
			isa = PBXShellScriptBuildPhase;
			buildActionMask = 2147483647;
			files = (
			);
			inputFileListPaths = (
			);
			inputPaths = (
				"${SRCROOT}/Pods/Target Support Files/Pods-TempuraTests/Pods-TempuraTests-frameworks.sh",
				"${BUILT_PRODUCTS_DIR}/Nimble/Nimble.framework",
				"${BUILT_PRODUCTS_DIR}/Quick/Quick.framework",
				"${BUILT_PRODUCTS_DIR}/HydraAsync/Hydra.framework",
				"${BUILT_PRODUCTS_DIR}/Katana/Katana.framework",
			);
			name = "[CP] Embed Pods Frameworks";
			outputFileListPaths = (
			);
			outputPaths = (
				"${TARGET_BUILD_DIR}/${FRAMEWORKS_FOLDER_PATH}/Nimble.framework",
				"${TARGET_BUILD_DIR}/${FRAMEWORKS_FOLDER_PATH}/Quick.framework",
				"${TARGET_BUILD_DIR}/${FRAMEWORKS_FOLDER_PATH}/Hydra.framework",
				"${TARGET_BUILD_DIR}/${FRAMEWORKS_FOLDER_PATH}/Katana.framework",
			);
			runOnlyForDeploymentPostprocessing = 0;
			shellPath = /bin/sh;
			shellScript = "\"${SRCROOT}/Pods/Target Support Files/Pods-TempuraTests/Pods-TempuraTests-frameworks.sh\"\n";
			showEnvVarsInLog = 0;
		};
		EE512BB7B33CE861B4B6BCB3 /* [CP] Check Pods Manifest.lock */ = {
			isa = PBXShellScriptBuildPhase;
			buildActionMask = 2147483647;
			files = (
			);
			inputFileListPaths = (
			);
			inputPaths = (
				"${PODS_PODFILE_DIR_PATH}/Podfile.lock",
				"${PODS_ROOT}/Manifest.lock",
			);
			name = "[CP] Check Pods Manifest.lock";
			outputFileListPaths = (
			);
			outputPaths = (
				"$(DERIVED_FILE_DIR)/Pods-TempuraTesting-checkManifestLockResult.txt",
			);
			runOnlyForDeploymentPostprocessing = 0;
			shellPath = /bin/sh;
			shellScript = "diff \"${PODS_PODFILE_DIR_PATH}/Podfile.lock\" \"${PODS_ROOT}/Manifest.lock\" > /dev/null\nif [ $? != 0 ] ; then\n    # print error to STDERR\n    echo \"error: The sandbox is not in sync with the Podfile.lock. Run 'pod install' or update your CocoaPods installation.\" >&2\n    exit 1\nfi\n# This output is used by Xcode 'outputs' to avoid re-running this script phase.\necho \"SUCCESS\" > \"${SCRIPT_OUTPUT_FILE_0}\"\n";
			showEnvVarsInLog = 0;
		};
		F73A77013F77BF82737F6D21 /* [CP] Check Pods Manifest.lock */ = {
			isa = PBXShellScriptBuildPhase;
			buildActionMask = 2147483647;
			files = (
			);
			inputFileListPaths = (
			);
			inputPaths = (
				"${PODS_PODFILE_DIR_PATH}/Podfile.lock",
				"${PODS_ROOT}/Manifest.lock",
			);
			name = "[CP] Check Pods Manifest.lock";
			outputFileListPaths = (
			);
			outputPaths = (
				"$(DERIVED_FILE_DIR)/Pods-TempuraTests-checkManifestLockResult.txt",
			);
			runOnlyForDeploymentPostprocessing = 0;
			shellPath = /bin/sh;
			shellScript = "diff \"${PODS_PODFILE_DIR_PATH}/Podfile.lock\" \"${PODS_ROOT}/Manifest.lock\" > /dev/null\nif [ $? != 0 ] ; then\n    # print error to STDERR\n    echo \"error: The sandbox is not in sync with the Podfile.lock. Run 'pod install' or update your CocoaPods installation.\" >&2\n    exit 1\nfi\n# This output is used by Xcode 'outputs' to avoid re-running this script phase.\necho \"SUCCESS\" > \"${SCRIPT_OUTPUT_FILE_0}\"\n";
			showEnvVarsInLog = 0;
		};
		FF031E2C5E102AADE39A7FE2 /* [CP] Check Pods Manifest.lock */ = {
			isa = PBXShellScriptBuildPhase;
			buildActionMask = 2147483647;
			files = (
			);
			inputFileListPaths = (
			);
			inputPaths = (
				"${PODS_PODFILE_DIR_PATH}/Podfile.lock",
				"${PODS_ROOT}/Manifest.lock",
			);
			name = "[CP] Check Pods Manifest.lock";
			outputFileListPaths = (
			);
			outputPaths = (
				"$(DERIVED_FILE_DIR)/Pods-Tempura-checkManifestLockResult.txt",
			);
			runOnlyForDeploymentPostprocessing = 0;
			shellPath = /bin/sh;
			shellScript = "diff \"${PODS_PODFILE_DIR_PATH}/Podfile.lock\" \"${PODS_ROOT}/Manifest.lock\" > /dev/null\nif [ $? != 0 ] ; then\n    # print error to STDERR\n    echo \"error: The sandbox is not in sync with the Podfile.lock. Run 'pod install' or update your CocoaPods installation.\" >&2\n    exit 1\nfi\n# This output is used by Xcode 'outputs' to avoid re-running this script phase.\necho \"SUCCESS\" > \"${SCRIPT_OUTPUT_FILE_0}\"\n";
			showEnvVarsInLog = 0;
		};
/* End PBXShellScriptBuildPhase section */

/* Begin PBXSourcesBuildPhase section */
		015C79207B40F8D2EEFBCB72 /* Sources */ = {
			isa = PBXSourcesBuildPhase;
			buildActionMask = 2147483647;
			files = (
				1E370FD2B00374DFF537EBE4 /* DemoTests.swift in Sources */,
			);
			runOnlyForDeploymentPostprocessing = 0;
		};
		01C7C9CAB4634C33B19349F5 /* Sources */ = {
			isa = PBXSourcesBuildPhase;
			buildActionMask = 2147483647;
			files = (
				023B2E55EA6F6515CC09CA01 /* ViewController.swift in Sources */,
				3A953447470C5D99A21FCDDB /* View.swift in Sources */,
				91F9C94224E0A41B70898416 /* ViewModelWithState.swift in Sources */,
				F253D779F28B4A9A3B905CF3 /* ModellableView.swift in Sources */,
				C0AF48F8A0304E779039A1C9 /* ViewModelWithLocalState.swift in Sources */,
				9798EB7221816184440FB32F /* LocalState.swift in Sources */,
				C4BE4BF296AA49B2EA1CD7B5 /* ViewModel.swift in Sources */,
				32C3A07F35512724AF62218E /* ViewControllerModellableView.swift in Sources */,
				CC62EE7384E4A52B69C7C078 /* ViewControllerWithLocalState.swift in Sources */,
				07F8945CE69C6688BB72ED64 /* ViewController+Containment.swift in Sources */,
				FE9490F117ECFA1719696264 /* UINavigationController+Completion.swift in Sources */,
				8EBEDA303350F64E9A9C2C38 /* NavigationActions.swift in Sources */,
				4341E878EE83314B6A801717 /* NavigationUtilities.swift in Sources */,
				1163C5E52A677CB22E5CD9A0 /* Routable.swift in Sources */,
				E2D53B45A5CDFAA6856CCBD2 /* RootInstaller.swift in Sources */,
				674514354BCD474FB056CD0F /* NavigationDSL.swift in Sources */,
				9C7F4113B320E72C925BED61 /* NavigationProvider.swift in Sources */,
				2536845090987BAFE69E3CCB /* Navigator.swift in Sources */,
				7B8D1B373BECFB4DF432719F /* MainThread.swift in Sources */,
			);
			runOnlyForDeploymentPostprocessing = 0;
		};
		6E5F054AAB054A4D8DD8F99D /* Sources */ = {
			isa = PBXSourcesBuildPhase;
			buildActionMask = 2147483647;
			files = (
				8C5F207EF9411D751B819A41 /* ListViewController.swift in Sources */,
				1E21668168EDE22906AE27F3 /* ListView.swift in Sources */,
				D2DE2B562687B35C904C0028 /* ArchiveFlowLayout.swift in Sources */,
				FB3EDB89F6BC0CA2B4287944 /* TodoCell.swift in Sources */,
				611893E6A50CE035458C1195 /* TodoFlowLayout.swift in Sources */,
				14274D8328FE809BBA2B57AB /* ChildViewController.swift in Sources */,
				6A93E67F344699072FC1AE55 /* TextView.swift in Sources */,
				37580751D4678B066DB74198 /* AddItemView.swift in Sources */,
				3D7350791FDE088C51F51EDE /* AddItemViewController.swift in Sources */,
				E85812746E8F505ACF6E0A79 /* AppNavigation.swift in Sources */,
				3486EFF679DC63B0EB845AC2 /* DependenciesContainer.swift in Sources */,
				E1A7747F0F7EA42D16E5FE4B /* AppState.swift in Sources */,
				F30A835FE4E0691E789AC66C /* Models.swift in Sources */,
				24EC50B5A1C823CC9FA9B434 /* UIControl+TargetActionable.swift in Sources */,
				3D756AAB4D795A62E5E9F5C8 /* String+Random.swift in Sources */,
				54C5CF2D9601D836BE70F179 /* Source.swift in Sources */,
				1CD83C17A5732AD886C73736 /* CollectionView.swift in Sources */,
				3EEDFD19910FDA5D7DCED462 /* DataSource.swift in Sources */,
				942FDEF9F962A28778AA8537 /* ConfigurableCell.swift in Sources */,
				C3B38CB3CECD8E4AA896D66D /* CGRect+Utils.swift in Sources */,
				920B75CE180884361EFDF2D2 /* UIView+Blink.swift in Sources */,
				0A97DB1E29A6E85F5374431B /* String+Height.swift in Sources */,
				58A6370A15C64FE1066CFF58 /* ItemActions.swift in Sources */,
				72B721F2777B1888E4A0C3C2 /* AppDelegate.swift in Sources */,
			);
			runOnlyForDeploymentPostprocessing = 0;
		};
		B495761916DA4A81B728CD58 /* Sources */ = {
			isa = PBXSourcesBuildPhase;
			buildActionMask = 2147483647;
			files = (
				7E56F8F16969F420D787F5EF /* ViewControllerSpec.swift in Sources */,
				9F9467DC10A1BAFA49E1BAF7 /* ViewControllerWithLocalStateSpec.swift in Sources */,
				FBC676737718804E7F8580BD /* ViewControlerContainmentSpec.swift in Sources */,
			);
			runOnlyForDeploymentPostprocessing = 0;
		};
		D82D49D39A8D730457CC9584 /* Sources */ = {
			isa = PBXSourcesBuildPhase;
			buildActionMask = 2147483647;
			files = (
				EA7CDA869947054BC9341697 /* UITests.swift in Sources */,
				F38B0513BF60D65E976FFE1C /* LocalFileURLProtocol.swift in Sources */,
				1852F2EA800B4FD27CCE41F7 /* UIView+snapshot.swift in Sources */,
				BA084013FEEE77DF808AE57B /* ViewTestCase.swift in Sources */,
				FF7CA16B97C2BECE5ECB6506 /* ViewControllerTestCase.swift in Sources */,
			);
			runOnlyForDeploymentPostprocessing = 0;
		};
/* End PBXSourcesBuildPhase section */

/* Begin PBXTargetDependency section */
		D9FB760A69260BAA5DD618A9 /* PBXTargetDependency */ = {
			isa = PBXTargetDependency;
			name = Tempura;
			target = A1389E2C90FB274567EB00F7 /* Tempura */;
			targetProxy = ED8AD01F9BFCAFA7002460A2 /* PBXContainerItemProxy */;
		};
		E54FD27DE6C478213BC5EBEE /* PBXTargetDependency */ = {
			isa = PBXTargetDependency;
			name = Demo;
			target = CB464AD513E869DB4BE0BB84 /* Demo */;
			targetProxy = C92FC67FD9AEF081F464FF4A /* PBXContainerItemProxy */;
		};
		F1436317566FD62CE02091AF /* PBXTargetDependency */ = {
			isa = PBXTargetDependency;
			name = Tempura;
			target = A1389E2C90FB274567EB00F7 /* Tempura */;
			targetProxy = 8E27D9B525DC526CB4E7A278 /* PBXContainerItemProxy */;
		};
/* End PBXTargetDependency section */

/* Begin XCBuildConfiguration section */
		13415D7D29FA249960F8D513 /* Debug */ = {
			isa = XCBuildConfiguration;
			baseConfigurationReference = 394C8A329E3FAA10F9F84289 /* Pods-TempuraTesting.debug.xcconfig */;
			buildSettings = {
				CODE_SIGN_IDENTITY = "";
				CURRENT_PROJECT_VERSION = 1;
				DEFINES_MODULE = YES;
				DYLIB_COMPATIBILITY_VERSION = 1;
				DYLIB_CURRENT_VERSION = 1;
				DYLIB_INSTALL_NAME_BASE = "@rpath";
				FRAMEWORK_SEARCH_PATHS = (
					"$(inherited)",
					"$(PLATFORM_DIR)/Developer/Library/Frameworks",
				);
				INFOPLIST_FILE = Tempura/SupportingFiles/Info.plist;
				INSTALL_PATH = "$(LOCAL_LIBRARY_DIR)/Frameworks";
				IPHONEOS_DEPLOYMENT_TARGET = 9.0;
				LD_RUNPATH_SEARCH_PATHS = "$(inherited) @executable_path/Frameworks @loader_path/Frameworks";
				PRODUCT_NAME = TempuraTesting;
				SDKROOT = iphoneos;
				SKIP_INSTALL = YES;
				SWIFT_ACTIVE_COMPILATION_CONDITIONS = DEBUG;
				SWIFT_OPTIMIZATION_LEVEL = "-Onone";
				SWIFT_VERSION = 4.2;
				TARGETED_DEVICE_FAMILY = "1,2";
				VERSIONING_SYSTEM = "apple-generic";
				VERSION_INFO_PREFIX = "";
			};
			name = Debug;
		};
		13831FFEF3207A5F819D79C7 /* Debug */ = {
			isa = XCBuildConfiguration;
			buildSettings = {
				ALWAYS_SEARCH_USER_PATHS = NO;
				CLANG_ANALYZER_NONNULL = YES;
				CLANG_ANALYZER_NUMBER_OBJECT_CONVERSION = YES_AGGRESSIVE;
				CLANG_CXX_LANGUAGE_STANDARD = "gnu++14";
				CLANG_CXX_LIBRARY = "libc++";
				CLANG_ENABLE_MODULES = YES;
				CLANG_ENABLE_OBJC_ARC = YES;
				CLANG_ENABLE_OBJC_WEAK = YES;
				CLANG_WARN_BLOCK_CAPTURE_AUTORELEASING = YES;
				CLANG_WARN_BOOL_CONVERSION = YES;
				CLANG_WARN_COMMA = YES;
				CLANG_WARN_CONSTANT_CONVERSION = YES;
				CLANG_WARN_DEPRECATED_OBJC_IMPLEMENTATIONS = YES;
				CLANG_WARN_DIRECT_OBJC_ISA_USAGE = YES_ERROR;
				CLANG_WARN_DOCUMENTATION_COMMENTS = YES;
				CLANG_WARN_EMPTY_BODY = YES;
				CLANG_WARN_ENUM_CONVERSION = YES;
				CLANG_WARN_INFINITE_RECURSION = YES;
				CLANG_WARN_INT_CONVERSION = YES;
				CLANG_WARN_NON_LITERAL_NULL_CONVERSION = YES;
				CLANG_WARN_OBJC_IMPLICIT_RETAIN_SELF = YES;
				CLANG_WARN_OBJC_LITERAL_CONVERSION = YES;
				CLANG_WARN_OBJC_ROOT_CLASS = YES_ERROR;
				CLANG_WARN_RANGE_LOOP_ANALYSIS = YES;
				CLANG_WARN_STRICT_PROTOTYPES = YES;
				CLANG_WARN_SUSPICIOUS_MOVE = YES;
				CLANG_WARN_UNGUARDED_AVAILABILITY = YES_AGGRESSIVE;
				CLANG_WARN_UNREACHABLE_CODE = YES;
				CLANG_WARN__DUPLICATE_METHOD_MATCH = YES;
				COPY_PHASE_STRIP = NO;
				DEBUG_INFORMATION_FORMAT = dwarf;
				ENABLE_STRICT_OBJC_MSGSEND = YES;
				ENABLE_TESTABILITY = YES;
				GCC_C_LANGUAGE_STANDARD = gnu11;
				GCC_DYNAMIC_NO_PIC = NO;
				GCC_NO_COMMON_BLOCKS = YES;
				GCC_OPTIMIZATION_LEVEL = 0;
				GCC_PREPROCESSOR_DEFINITIONS = (
					"DEBUG=1",
					"$(inherited)",
				);
				GCC_WARN_64_TO_32_BIT_CONVERSION = YES;
				GCC_WARN_ABOUT_RETURN_TYPE = YES_ERROR;
				GCC_WARN_UNDECLARED_SELECTOR = YES;
				GCC_WARN_UNINITIALIZED_AUTOS = YES_AGGRESSIVE;
				GCC_WARN_UNUSED_FUNCTION = YES;
				GCC_WARN_UNUSED_VARIABLE = YES;
				MTL_ENABLE_DEBUG_INFO = INCLUDE_SOURCE;
				MTL_FAST_MATH = YES;
				ONLY_ACTIVE_ARCH = YES;
				PRODUCT_NAME = "$(TARGET_NAME)";
			};
			name = Debug;
		};
		27629DF3A21207440B69A56D /* Debug */ = {
			isa = XCBuildConfiguration;
			baseConfigurationReference = 5110CAB236448B4251605A4B /* Pods-Tempura.debug.xcconfig */;
			buildSettings = {
				CODE_SIGN_IDENTITY = "";
				CURRENT_PROJECT_VERSION = 1;
				DEFINES_MODULE = YES;
				DYLIB_COMPATIBILITY_VERSION = 1;
				DYLIB_CURRENT_VERSION = 1;
				DYLIB_INSTALL_NAME_BASE = "@rpath";
				FRAMEWORK_SEARCH_PATHS = (
					"$(inherited)",
					"$(PLATFORM_DIR)/Developer/Library/Frameworks",
				);
				INFOPLIST_FILE = Tempura/SupportingFiles/Info.plist;
				INSTALL_PATH = "$(LOCAL_LIBRARY_DIR)/Frameworks";
				IPHONEOS_DEPLOYMENT_TARGET = 9.0;
				LD_RUNPATH_SEARCH_PATHS = "$(inherited) @executable_path/Frameworks @loader_path/Frameworks";
				PRODUCT_NAME = Tempura;
				SDKROOT = iphoneos;
				SKIP_INSTALL = YES;
				SWIFT_ACTIVE_COMPILATION_CONDITIONS = DEBUG;
				SWIFT_OPTIMIZATION_LEVEL = "-Onone";
				SWIFT_VERSION = 4.2;
				TARGETED_DEVICE_FAMILY = "1,2";
				VERSIONING_SYSTEM = "apple-generic";
				VERSION_INFO_PREFIX = "";
			};
			name = Debug;
		};
		2E7CEE8AAC3767F94D6610A3 /* Release */ = {
			isa = XCBuildConfiguration;
			buildSettings = {
				ALWAYS_SEARCH_USER_PATHS = NO;
				CLANG_ANALYZER_NONNULL = YES;
				CLANG_ANALYZER_NUMBER_OBJECT_CONVERSION = YES_AGGRESSIVE;
				CLANG_CXX_LANGUAGE_STANDARD = "gnu++14";
				CLANG_CXX_LIBRARY = "libc++";
				CLANG_ENABLE_MODULES = YES;
				CLANG_ENABLE_OBJC_ARC = YES;
				CLANG_ENABLE_OBJC_WEAK = YES;
				CLANG_WARN_BLOCK_CAPTURE_AUTORELEASING = YES;
				CLANG_WARN_BOOL_CONVERSION = YES;
				CLANG_WARN_COMMA = YES;
				CLANG_WARN_CONSTANT_CONVERSION = YES;
				CLANG_WARN_DEPRECATED_OBJC_IMPLEMENTATIONS = YES;
				CLANG_WARN_DIRECT_OBJC_ISA_USAGE = YES_ERROR;
				CLANG_WARN_DOCUMENTATION_COMMENTS = YES;
				CLANG_WARN_EMPTY_BODY = YES;
				CLANG_WARN_ENUM_CONVERSION = YES;
				CLANG_WARN_INFINITE_RECURSION = YES;
				CLANG_WARN_INT_CONVERSION = YES;
				CLANG_WARN_NON_LITERAL_NULL_CONVERSION = YES;
				CLANG_WARN_OBJC_IMPLICIT_RETAIN_SELF = YES;
				CLANG_WARN_OBJC_LITERAL_CONVERSION = YES;
				CLANG_WARN_OBJC_ROOT_CLASS = YES_ERROR;
				CLANG_WARN_RANGE_LOOP_ANALYSIS = YES;
				CLANG_WARN_STRICT_PROTOTYPES = YES;
				CLANG_WARN_SUSPICIOUS_MOVE = YES;
				CLANG_WARN_UNGUARDED_AVAILABILITY = YES_AGGRESSIVE;
				CLANG_WARN_UNREACHABLE_CODE = YES;
				CLANG_WARN__DUPLICATE_METHOD_MATCH = YES;
				COPY_PHASE_STRIP = NO;
				DEBUG_INFORMATION_FORMAT = "dwarf-with-dsym";
				ENABLE_NS_ASSERTIONS = NO;
				ENABLE_STRICT_OBJC_MSGSEND = YES;
				GCC_C_LANGUAGE_STANDARD = gnu11;
				GCC_NO_COMMON_BLOCKS = YES;
				GCC_WARN_64_TO_32_BIT_CONVERSION = YES;
				GCC_WARN_ABOUT_RETURN_TYPE = YES_ERROR;
				GCC_WARN_UNDECLARED_SELECTOR = YES;
				GCC_WARN_UNINITIALIZED_AUTOS = YES_AGGRESSIVE;
				GCC_WARN_UNUSED_FUNCTION = YES;
				GCC_WARN_UNUSED_VARIABLE = YES;
				MTL_ENABLE_DEBUG_INFO = NO;
				MTL_FAST_MATH = YES;
				PRODUCT_NAME = "$(TARGET_NAME)";
			};
			name = Release;
		};
		347E2C90FCE8B4A1DBFC627C /* Debug */ = {
			isa = XCBuildConfiguration;
			baseConfigurationReference = 16C40E6D80AA7E566F489B8F /* Pods-DemoTests.debug.xcconfig */;
			buildSettings = {
				BUNDLE_LOADER = "$(TEST_HOST)";
				CODE_SIGN_IDENTITY = "iPhone Developer";
				INFOPLIST_FILE = DemoTests/Info.plist;
				IPHONEOS_DEPLOYMENT_TARGET = 10.0;
				LD_RUNPATH_SEARCH_PATHS = "$(inherited) @executable_path/Frameworks @loader_path/Frameworks";
				SDKROOT = iphoneos;
				SWIFT_ACTIVE_COMPILATION_CONDITIONS = DEBUG;
				SWIFT_OPTIMIZATION_LEVEL = "-Onone";
				SWIFT_VERSION = 4.2;
				TEST_HOST = "$(BUILT_PRODUCTS_DIR)/Demo.app/Demo";
			};
			name = Debug;
		};
		8E0C41833FD8E9BFC771A5FD /* Release */ = {
			isa = XCBuildConfiguration;
			baseConfigurationReference = 983B8A3CFB70568DA097AEF2 /* Pods-DemoTests.release.xcconfig */;
			buildSettings = {
				BUNDLE_LOADER = "$(TEST_HOST)";
				CODE_SIGN_IDENTITY = "iPhone Developer";
				INFOPLIST_FILE = DemoTests/Info.plist;
				IPHONEOS_DEPLOYMENT_TARGET = 10.0;
				LD_RUNPATH_SEARCH_PATHS = "$(inherited) @executable_path/Frameworks @loader_path/Frameworks";
				SDKROOT = iphoneos;
				SWIFT_COMPILATION_MODE = wholemodule;
				SWIFT_OPTIMIZATION_LEVEL = "-O";
				SWIFT_VERSION = 4.2;
				TEST_HOST = "$(BUILT_PRODUCTS_DIR)/Demo.app/Demo";
				VALIDATE_PRODUCT = YES;
			};
			name = Release;
		};
		A80C2D3414466298511B81FD /* Debug */ = {
			isa = XCBuildConfiguration;
			baseConfigurationReference = 75BE789CC542C89BCA59BC4E /* Pods-Tempura-Demo.debug.xcconfig */;
			buildSettings = {
				ASSETCATALOG_COMPILER_APPICON_NAME = AppIcon;
				CODE_SIGN_IDENTITY = "iPhone Developer";
				INFOPLIST_FILE = Demo/Info.plist;
				IPHONEOS_DEPLOYMENT_TARGET = 10.0;
				LD_RUNPATH_SEARCH_PATHS = "$(inherited) @executable_path/Frameworks";
				PRODUCT_BUNDLE_IDENTIFIER = dk.bendingspoons.AppStation;
				PRODUCT_NAME = Demo;
				SDKROOT = iphoneos;
				SWIFT_ACTIVE_COMPILATION_CONDITIONS = DEBUG;
				SWIFT_OPTIMIZATION_LEVEL = "-Onone";
				SWIFT_VERSION = 4.2;
				TARGETED_DEVICE_FAMILY = "1,2";
			};
			name = Debug;
		};
		B34AB5EA57D5B8B4FC1F8DB1 /* Release */ = {
			isa = XCBuildConfiguration;
			baseConfigurationReference = 7C7DC56CCC5BE14482AEE335 /* Pods-Tempura-Demo.release.xcconfig */;
			buildSettings = {
				ASSETCATALOG_COMPILER_APPICON_NAME = AppIcon;
				CODE_SIGN_IDENTITY = "iPhone Developer";
				INFOPLIST_FILE = Demo/Info.plist;
				IPHONEOS_DEPLOYMENT_TARGET = 10.0;
				LD_RUNPATH_SEARCH_PATHS = "$(inherited) @executable_path/Frameworks";
				PRODUCT_BUNDLE_IDENTIFIER = dk.bendingspoons.AppStation;
				PRODUCT_NAME = Demo;
				SDKROOT = iphoneos;
				SWIFT_COMPILATION_MODE = wholemodule;
				SWIFT_OPTIMIZATION_LEVEL = "-O";
				SWIFT_VERSION = 4.2;
				TARGETED_DEVICE_FAMILY = "1,2";
				VALIDATE_PRODUCT = YES;
			};
			name = Release;
		};
		D09006EF1BB1D9BF8EC1CFE8 /* Release */ = {
			isa = XCBuildConfiguration;
			baseConfigurationReference = C31978FB6F338CDAB9A0D41D /* Pods-TempuraTesting.release.xcconfig */;
			buildSettings = {
				CODE_SIGN_IDENTITY = "";
				CURRENT_PROJECT_VERSION = 1;
				DEFINES_MODULE = YES;
				DYLIB_COMPATIBILITY_VERSION = 1;
				DYLIB_CURRENT_VERSION = 1;
				DYLIB_INSTALL_NAME_BASE = "@rpath";
				FRAMEWORK_SEARCH_PATHS = (
					"$(inherited)",
					"$(PLATFORM_DIR)/Developer/Library/Frameworks",
				);
				INFOPLIST_FILE = Tempura/SupportingFiles/Info.plist;
				INSTALL_PATH = "$(LOCAL_LIBRARY_DIR)/Frameworks";
				IPHONEOS_DEPLOYMENT_TARGET = 9.0;
				LD_RUNPATH_SEARCH_PATHS = "$(inherited) @executable_path/Frameworks @loader_path/Frameworks";
				PRODUCT_NAME = TempuraTesting;
				SDKROOT = iphoneos;
				SKIP_INSTALL = YES;
				SWIFT_COMPILATION_MODE = wholemodule;
				SWIFT_OPTIMIZATION_LEVEL = "-O";
				SWIFT_VERSION = 4.2;
				TARGETED_DEVICE_FAMILY = "1,2";
				VALIDATE_PRODUCT = YES;
				VERSIONING_SYSTEM = "apple-generic";
				VERSION_INFO_PREFIX = "";
			};
			name = Release;
		};
		D2A22D25A08063389B700985 /* Release */ = {
			isa = XCBuildConfiguration;
			baseConfigurationReference = 02648BE03503594F16E1BACF /* Pods-Tempura.release.xcconfig */;
			buildSettings = {
				CODE_SIGN_IDENTITY = "";
				CURRENT_PROJECT_VERSION = 1;
				DEFINES_MODULE = YES;
				DYLIB_COMPATIBILITY_VERSION = 1;
				DYLIB_CURRENT_VERSION = 1;
				DYLIB_INSTALL_NAME_BASE = "@rpath";
				FRAMEWORK_SEARCH_PATHS = (
					"$(inherited)",
					"$(PLATFORM_DIR)/Developer/Library/Frameworks",
				);
				INFOPLIST_FILE = Tempura/SupportingFiles/Info.plist;
				INSTALL_PATH = "$(LOCAL_LIBRARY_DIR)/Frameworks";
				IPHONEOS_DEPLOYMENT_TARGET = 9.0;
				LD_RUNPATH_SEARCH_PATHS = "$(inherited) @executable_path/Frameworks @loader_path/Frameworks";
				PRODUCT_NAME = Tempura;
				SDKROOT = iphoneos;
				SKIP_INSTALL = YES;
				SWIFT_COMPILATION_MODE = wholemodule;
				SWIFT_OPTIMIZATION_LEVEL = "-O";
				SWIFT_VERSION = 4.2;
				TARGETED_DEVICE_FAMILY = "1,2";
				VALIDATE_PRODUCT = YES;
				VERSIONING_SYSTEM = "apple-generic";
				VERSION_INFO_PREFIX = "";
			};
			name = Release;
		};
		E4F8E8EC30A8942D4763459F /* Release */ = {
			isa = XCBuildConfiguration;
			baseConfigurationReference = 6CF97798DD5CC9299245340B /* Pods-TempuraTests.release.xcconfig */;
			buildSettings = {
				CODE_SIGN_IDENTITY = "iPhone Developer";
				INFOPLIST_FILE = TempuraTests/Info.plist;
				IPHONEOS_DEPLOYMENT_TARGET = 9.0;
				LD_RUNPATH_SEARCH_PATHS = "$(inherited) @executable_path/Frameworks @loader_path/Frameworks";
				SDKROOT = iphoneos;
				SWIFT_COMPILATION_MODE = wholemodule;
				SWIFT_OPTIMIZATION_LEVEL = "-O";
				SWIFT_VERSION = 4.2;
				VALIDATE_PRODUCT = YES;
			};
			name = Release;
		};
		EEBC193EFBA934979560F0DA /* Debug */ = {
			isa = XCBuildConfiguration;
			baseConfigurationReference = 189627DB71A20362FA1BF928 /* Pods-TempuraTests.debug.xcconfig */;
			buildSettings = {
				CODE_SIGN_IDENTITY = "iPhone Developer";
				INFOPLIST_FILE = TempuraTests/Info.plist;
				IPHONEOS_DEPLOYMENT_TARGET = 9.0;
				LD_RUNPATH_SEARCH_PATHS = "$(inherited) @executable_path/Frameworks @loader_path/Frameworks";
				SDKROOT = iphoneos;
				SWIFT_ACTIVE_COMPILATION_CONDITIONS = DEBUG;
				SWIFT_OPTIMIZATION_LEVEL = "-Onone";
				SWIFT_VERSION = 4.2;
			};
			name = Debug;
		};
/* End XCBuildConfiguration section */

/* Begin XCConfigurationList section */
		636E5367004736B36D6066E4 /* Build configuration list for PBXNativeTarget "Tempura" */ = {
			isa = XCConfigurationList;
			buildConfigurations = (
				27629DF3A21207440B69A56D /* Debug */,
				D2A22D25A08063389B700985 /* Release */,
			);
			defaultConfigurationIsVisible = 0;
			defaultConfigurationName = Release;
		};
		68475462C31C9266B3CE2128 /* Build configuration list for PBXNativeTarget "DemoTests" */ = {
			isa = XCConfigurationList;
			buildConfigurations = (
				347E2C90FCE8B4A1DBFC627C /* Debug */,
				8E0C41833FD8E9BFC771A5FD /* Release */,
			);
			defaultConfigurationIsVisible = 0;
			defaultConfigurationName = Release;
		};
		CE865A114656481F78AA7A53 /* Build configuration list for PBXNativeTarget "Demo" */ = {
			isa = XCConfigurationList;
			buildConfigurations = (
				A80C2D3414466298511B81FD /* Debug */,
				B34AB5EA57D5B8B4FC1F8DB1 /* Release */,
			);
			defaultConfigurationIsVisible = 0;
			defaultConfigurationName = Release;
		};
		D10317CDE194193B53048089 /* Build configuration list for PBXNativeTarget "TempuraTesting" */ = {
			isa = XCConfigurationList;
			buildConfigurations = (
				13415D7D29FA249960F8D513 /* Debug */,
				D09006EF1BB1D9BF8EC1CFE8 /* Release */,
			);
			defaultConfigurationIsVisible = 0;
			defaultConfigurationName = Release;
		};
		ECB39273DF7F033DE9E4BF50 /* Build configuration list for PBXNativeTarget "TempuraTests" */ = {
			isa = XCConfigurationList;
			buildConfigurations = (
				EEBC193EFBA934979560F0DA /* Debug */,
				E4F8E8EC30A8942D4763459F /* Release */,
			);
			defaultConfigurationIsVisible = 0;
			defaultConfigurationName = Release;
		};
		F56D569E1356FC5D996DD5B8 /* Build configuration list for PBXProject "Tempura" */ = {
			isa = XCConfigurationList;
			buildConfigurations = (
				13831FFEF3207A5F819D79C7 /* Debug */,
				2E7CEE8AAC3767F94D6610A3 /* Release */,
			);
			defaultConfigurationIsVisible = 0;
			defaultConfigurationName = Release;
		};
/* End XCConfigurationList section */
	};
	rootObject = 101B4AB3F10B9E0B33650F69 /* Project object */;
}
